// !$*UTF8*$!
{
	archiveVersion = 1;
	classes = {
	};
	objectVersion = 46;
	objects = {

/* Begin PBXBuildFile section */
		3AB429E3142DBE2E00B74AAC /* UIKit.framework in Frameworks */ = {isa = PBXBuildFile; fileRef = 3AB429E2142DBE2E00B74AAC /* UIKit.framework */; };
		3AB429E5142DBE2E00B74AAC /* Foundation.framework in Frameworks */ = {isa = PBXBuildFile; fileRef = 3AB429E4142DBE2E00B74AAC /* Foundation.framework */; };
		3AB429E7142DBE2E00B74AAC /* CoreGraphics.framework in Frameworks */ = {isa = PBXBuildFile; fileRef = 3AB429E6142DBE2E00B74AAC /* CoreGraphics.framework */; };
		3AB429ED142DBE2E00B74AAC /* InfoPlist.strings in Resources */ = {isa = PBXBuildFile; fileRef = 3AB429EB142DBE2E00B74AAC /* InfoPlist.strings */; };
		3AB429EF142DBE2E00B74AAC /* main.m in Sources */ = {isa = PBXBuildFile; fileRef = 3AB429EE142DBE2E00B74AAC /* main.m */; };
		3AB429F3142DBE2E00B74AAC /* SimpleTableAppDelegate.m in Sources */ = {isa = PBXBuildFile; fileRef = 3AB429F2142DBE2E00B74AAC /* SimpleTableAppDelegate.m */; };
		3AB429F6142DBE2E00B74AAC /* SimpleTableViewController.m in Sources */ = {isa = PBXBuildFile; fileRef = 3AB429F5142DBE2E00B74AAC /* SimpleTableViewController.m */; };
		3AB429F9142DBE2E00B74AAC /* SimpleTableViewController.xib in Resources */ = {isa = PBXBuildFile; fileRef = 3AB429F7142DBE2E00B74AAC /* SimpleTableViewController.xib */; };
/* End PBXBuildFile section */

/* Begin PBXFileReference section */
		3AB429DE142DBE2E00B74AAC /* SimpleTable.app */ = {isa = PBXFileReference; explicitFileType = wrapper.application; includeInIndex = 0; path = SimpleTable.app; sourceTree = BUILT_PRODUCTS_DIR; };
		3AB429E2142DBE2E00B74AAC /* UIKit.framework */ = {isa = PBXFileReference; lastKnownFileType = wrapper.framework; name = UIKit.framework; path = System/Library/Frameworks/UIKit.framework; sourceTree = SDKROOT; };
		3AB429E4142DBE2E00B74AAC /* Foundation.framework */ = {isa = PBXFileReference; lastKnownFileType = wrapper.framework; name = Foundation.framework; path = System/Library/Frameworks/Foundation.framework; sourceTree = SDKROOT; };
		3AB429E6142DBE2E00B74AAC /* CoreGraphics.framework */ = {isa = PBXFileReference; lastKnownFileType = wrapper.framework; name = CoreGraphics.framework; path = System/Library/Frameworks/CoreGraphics.framework; sourceTree = SDKROOT; };
		3AB429EA142DBE2E00B74AAC /* SimpleTable-Info.plist */ = {isa = PBXFileReference; path = "SimpleTable-Info.plist"; sourceTree = "<group>"; };
		3AB429EC142DBE2E00B74AAC /* en */ = {isa = PBXFileReference; lastKnownFileType = text.plist.strings; name = en; path = en.lproj/InfoPlist.strings; sourceTree = "<group>"; };
		3AB429EE142DBE2E00B74AAC /* main.m */ = {isa = PBXFileReference; lastKnownFileType = sourcecode.c.objc; path = main.m; sourceTree = "<group>"; };
		3AB429F0142DBE2E00B74AAC /* SimpleTable-Prefix.pch */ = {isa = PBXFileReference; path = "SimpleTable-Prefix.pch"; sourceTree = "<group>"; };
		3AB429F1142DBE2E00B74AAC /* SimpleTableAppDelegate.h */ = {isa = PBXFileReference; path = SimpleTableAppDelegate.h; sourceTree = "<group>"; };
		3AB429F2142DBE2E00B74AAC /* SimpleTableAppDelegate.m */ = {isa = PBXFileReference; lastKnownFileType = sourcecode.c.objc; path = SimpleTableAppDelegate.m; sourceTree = "<group>"; };
		3AB429F4142DBE2E00B74AAC /* SimpleTableViewController.h */ = {isa = PBXFileReference; path = SimpleTableViewController.h; sourceTree = "<group>"; };
		3AB429F5142DBE2E00B74AAC /* SimpleTableViewController.m */ = {isa = PBXFileReference; lastKnownFileType = sourcecode.c.objc; path = SimpleTableViewController.m; sourceTree = "<group>"; };
		3AB429F8142DBE2E00B74AAC /* en */ = {isa = PBXFileReference; lastKnownFileType = file.xib; name = en; path = en.lproj/SimpleTableViewController.xib; sourceTree = "<group>"; };
/* End PBXFileReference section */

/* Begin PBXFrameworksBuildPhase section */
		3AB429DB142DBE2E00B74AAC /* Frameworks */ = {
			isa = PBXFrameworksBuildPhase;
			buildActionMask = 2147483647;
			files = (
				3AB429E3142DBE2E00B74AAC /* UIKit.framework in Frameworks */,
				3AB429E5142DBE2E00B74AAC /* Foundation.framework in Frameworks */,
				3AB429E7142DBE2E00B74AAC /* CoreGraphics.framework in Frameworks */,
			);
			runOnlyForDeploymentPostprocessing = 0;
		};
/* End PBXFrameworksBuildPhase section */

/* Begin PBXGroup section */
		3AB429D3142DBE2E00B74AAC = {
			isa = PBXGroup;
			children = (
				3AB429E8142DBE2E00B74AAC /* SimpleTable */,
				3AB429E1142DBE2E00B74AAC /* Frameworks */,
				3AB429DF142DBE2E00B74AAC /* Products */,
			);
			sourceTree = "<group>";
		};
		3AB429DF142DBE2E00B74AAC /* Products */ = {
			isa = PBXGroup;
			children = (
				3AB429DE142DBE2E00B74AAC /* SimpleTable.app */,
			);
			name = Products;
			sourceTree = "<group>";
		};
		3AB429E1142DBE2E00B74AAC /* Frameworks */ = {
			isa = PBXGroup;
			children = (
				3AB429E2142DBE2E00B74AAC /* UIKit.framework */,
				3AB429E4142DBE2E00B74AAC /* Foundation.framework */,
				3AB429E6142DBE2E00B74AAC /* CoreGraphics.framework */,
			);
			name = Frameworks;
			sourceTree = "<group>";
		};
		3AB429E8142DBE2E00B74AAC /* SimpleTable */ = {
			isa = PBXGroup;
			children = (
				3AB429F1142DBE2E00B74AAC /* SimpleTableAppDelegate.h */,
				3AB429F2142DBE2E00B74AAC /* SimpleTableAppDelegate.m */,
				3AB429F4142DBE2E00B74AAC /* SimpleTableViewController.h */,
				3AB429F5142DBE2E00B74AAC /* SimpleTableViewController.m */,
				3AB429F7142DBE2E00B74AAC /* SimpleTableViewController.xib */,
				3AB429E9142DBE2E00B74AAC /* Supporting Files */,
			);
			path = SimpleTable;
			sourceTree = "<group>";
		};
		3AB429E9142DBE2E00B74AAC /* Supporting Files */ = {
			isa = PBXGroup;
			children = (
				3AB429EA142DBE2E00B74AAC /* SimpleTable-Info.plist */,
				3AB429EB142DBE2E00B74AAC /* InfoPlist.strings */,
				3AB429EE142DBE2E00B74AAC /* main.m */,
				3AB429F0142DBE2E00B74AAC /* SimpleTable-Prefix.pch */,
			);
			name = "Supporting Files";
			sourceTree = "<group>";
		};
/* End PBXGroup section */

/* Begin PBXNativeTarget section */
		3AB429DD142DBE2E00B74AAC /* SimpleTable */ = {
			isa = PBXNativeTarget;
			buildConfigurationList = 3AB429FC142DBE2E00B74AAC /* Build configuration list for PBXNativeTarget "SimpleTable" */;
			buildPhases = (
				3AB429DA142DBE2E00B74AAC /* Sources */,
				3AB429DB142DBE2E00B74AAC /* Frameworks */,
				3AB429DC142DBE2E00B74AAC /* Resources */,
			);
			buildRules = (
			);
			dependencies = (
			);
			name = SimpleTable;
			productName = SimpleTable;
			productReference = 3AB429DE142DBE2E00B74AAC /* SimpleTable.app */;
			productType = "com.apple.product-type.application";
		};
/* End PBXNativeTarget section */

/* Begin PBXProject section */
		3AB429D5142DBE2E00B74AAC /* Project object */ = {
			isa = PBXProject;
			buildConfigurationList = 3AB429D8142DBE2E00B74AAC /* Build configuration list for PBXProject "SimpleTable" */;
			compatibilityVersion = "Xcode 3.2";
			developmentRegion = English;
			hasScannedForEncodings = 0;
			knownRegions = (
				en,
			);
			mainGroup = 3AB429D3142DBE2E00B74AAC;
			productRefGroup = 3AB429DF142DBE2E00B74AAC /* Products */;
			projectDirPath = "";
			projectRoot = "";
			targets = (
				3AB429DD142DBE2E00B74AAC /* SimpleTable */,
			);
		};
/* End PBXProject section */

/* Begin PBXResourcesBuildPhase section */
		3AB429DC142DBE2E00B74AAC /* Resources */ = {
			isa = PBXResourcesBuildPhase;
			buildActionMask = 2147483647;
			files = (
				3AB429ED142DBE2E00B74AAC /* InfoPlist.strings in Resources */,
				3AB429F9142DBE2E00B74AAC /* SimpleTableViewController.xib in Resources */,
			);
			runOnlyForDeploymentPostprocessing = 0;
		};
/* End PBXResourcesBuildPhase section */

/* Begin PBXSourcesBuildPhase section */
		3AB429DA142DBE2E00B74AAC /* Sources */ = {
			isa = PBXSourcesBuildPhase;
			buildActionMask = 2147483647;
			files = (
				3AB429EF142DBE2E00B74AAC /* main.m in Sources */,
				3AB429F3142DBE2E00B74AAC /* SimpleTableAppDelegate.m in Sources */,
				3AB429F6142DBE2E00B74AAC /* SimpleTableViewController.m in Sources */,
			);
			runOnlyForDeploymentPostprocessing = 0;
		};
/* End PBXSourcesBuildPhase section */

/* Begin PBXVariantGroup section */
		3AB429EB142DBE2E00B74AAC /* InfoPlist.strings */ = {
			isa = PBXVariantGroup;
			children = (
				3AB429EC142DBE2E00B74AAC /* en */,
			);
			name = InfoPlist.strings;
			sourceTree = "<group>";
		};
		3AB429F7142DBE2E00B74AAC /* SimpleTableViewController.xib */ = {
			isa = PBXVariantGroup;
			children = (
				3AB429F8142DBE2E00B74AAC /* en */,
			);
			name = SimpleTableViewController.xib;
			sourceTree = "<group>";
		};
/* End PBXVariantGroup section */

/* Begin XCBuildConfiguration section */
		3AB429FA142DBE2E00B74AAC /* Debug */ = {
			isa = XCBuildConfiguration;
			buildSettings = {
				ALWAYS_SEARCH_USER_PATHS = NO;
				ARCHS = "$(ARCHS_STANDARD_32_BIT)";
				CLANG_ENABLE_OBJC_ARC = YES;
				"CODE_SIGN_IDENTITY[sdk=iphoneos*]" = "iPhone Developer";
				COPY_PHASE_STRIP = NO;
				GCC_C_LANGUAGE_STANDARD = gnu99;
				GCC_DYNAMIC_NO_PIC = NO;
				GCC_OPTIMIZATION_LEVEL = 0;
				GCC_PREPROCESSOR_DEFINITIONS = (
					"DEBUG=1",
					"$(inherited)",
				);
				GCC_SYMBOLS_PRIVATE_EXTERN = NO;
				GCC_VERSION = com.apple.compilers.llvm.clang.1_0;
				GCC_WARN_ABOUT_MISSING_PROTOTYPES = YES;
				GCC_WARN_ABOUT_RETURN_TYPE = YES;
				GCC_WARN_UNUSED_VARIABLE = YES;
				IPHONEOS_DEPLOYMENT_TARGET = 5.0;
				SDKROOT = iphoneos;
			};
			name = Debug;
		};
		3AB429FB142DBE2E00B74AAC /* Release */ = {
			isa = XCBuildConfiguration;
			buildSettings = {
				ALWAYS_SEARCH_USER_PATHS = NO;
				ARCHS = "$(ARCHS_STANDARD_32_BIT)";
				CLANG_ENABLE_OBJC_ARC = YES;
				"CODE_SIGN_IDENTITY[sdk=iphoneos*]" = "iPhone Developer";
				COPY_PHASE_STRIP = YES;
				GCC_C_LANGUAGE_STANDARD = gnu99;
				GCC_VERSION = com.apple.compilers.llvm.clang.1_0;
				GCC_WARN_ABOUT_MISSING_PROTOTYPES = YES;
				GCC_WARN_ABOUT_RETURN_TYPE = YES;
				GCC_WARN_UNUSED_VARIABLE = YES;
				IPHONEOS_DEPLOYMENT_TARGET = 5.0;
				OTHER_CFLAGS = "-DNS_BLOCK_ASSERTIONS=1";
				SDKROOT = iphoneos;
				VALIDATE_PRODUCT = YES;
			};
			name = Release;
		};
		3AB429FD142DBE2E00B74AAC /* Debug */ = {
			isa = XCBuildConfiguration;
			buildSettings = {
				GCC_PRECOMPILE_PREFIX_HEADER = YES;
				GCC_PREFIX_HEADER = "SimpleTable/SimpleTable-Prefix.pch";
				INFOPLIST_FILE = "SimpleTable/SimpleTable-Info.plist";
				PRODUCT_NAME = "$(TARGET_NAME)";
				WRAPPER_EXTENSION = app;
			};
			name = Debug;
		};
		3AB429FE142DBE2E00B74AAC /* Release */ = {
			isa = XCBuildConfiguration;
			buildSettings = {
				GCC_PRECOMPILE_PREFIX_HEADER = YES;
				GCC_PREFIX_HEADER = "SimpleTable/SimpleTable-Prefix.pch";
				INFOPLIST_FILE = "SimpleTable/SimpleTable-Info.plist";
				PRODUCT_NAME = "$(TARGET_NAME)";
				WRAPPER_EXTENSION = app;
			};
			name = Release;
		};
/* End XCBuildConfiguration section */

/* Begin XCConfigurationList section */
		3AB429D8142DBE2E00B74AAC /* Build configuration list for PBXProject "SimpleTable" */ = {
			isa = XCConfigurationList;
			buildConfigurations = (
				3AB429FA142DBE2E00B74AAC /* Debug */,
				3AB429FB142DBE2E00B74AAC /* Release */,
			);
			defaultConfigurationIsVisible = 0;
			defaultConfigurationName = Release;
		};
		3AB429FC142DBE2E00B74AAC /* Build configuration list for PBXNativeTarget "SimpleTable" */ = {
			isa = XCConfigurationList;
			buildConfigurations = (
				3AB429FD142DBE2E00B74AAC /* Debug */,
				3AB429FE142DBE2E00B74AAC /* Release */,
			);
			defaultConfigurationIsVisible = 0;
		};
/* End XCConfigurationList section */
	};
	rootObject = 3AB429D5142DBE2E00B74AAC /* Project object */;
}
