// !$*UTF8*$!
{
	archiveVersion = 1;
	classes = {
	};
	objectVersion = 46;
	objects = {

/* Begin PBXBuildFile section */
		3A99DB201417A8A800839430 /* UIKit.framework in Frameworks */ = {isa = PBXBuildFile; fileRef = 3A99DB1F1417A8A800839430 /* UIKit.framework */; };
		3A99DB221417A8A800839430 /* Foundation.framework in Frameworks */ = {isa = PBXBuildFile; fileRef = 3A99DB211417A8A800839430 /* Foundation.framework */; };
		3A99DB241417A8A800839430 /* CoreGraphics.framework in Frameworks */ = {isa = PBXBuildFile; fileRef = 3A99DB231417A8A800839430 /* CoreGraphics.framework */; };
		3A99DB2A1417A8A800839430 /* InfoPlist.strings in Resources */ = {isa = PBXBuildFile; fileRef = 3A99DB281417A8A800839430 /* InfoPlist.strings */; };
		3A99DB2C1417A8A800839430 /* main.m in Sources */ = {isa = PBXBuildFile; fileRef = 3A99DB2B1417A8A800839430 /* main.m */; };
		3A99DB301417A8A800839430 /* _23AppDelegate.m in Sources */ = {isa = PBXBuildFile; fileRef = 3A99DB2F1417A8A800839430 /* _23AppDelegate.m */; };
		3A99DB331417A8A800839430 /* _23ViewController.m in Sources */ = {isa = PBXBuildFile; fileRef = 3A99DB321417A8A800839430 /* _23ViewController.m */; };
		3A99DB361417A8A800839430 /* _23ViewController.xib in Resources */ = {isa = PBXBuildFile; fileRef = 3A99DB341417A8A800839430 /* _23ViewController.xib */; };
/* End PBXBuildFile section */

/* Begin PBXFileReference section */
		3A99DB1B1417A8A800839430 /* 123.app */ = {isa = PBXFileReference; explicitFileType = wrapper.application; includeInIndex = 0; path = 123.app; sourceTree = BUILT_PRODUCTS_DIR; };
		3A99DB1F1417A8A800839430 /* UIKit.framework */ = {isa = PBXFileReference; lastKnownFileType = wrapper.framework; name = UIKit.framework; path = System/Library/Frameworks/UIKit.framework; sourceTree = SDKROOT; };
		3A99DB211417A8A800839430 /* Foundation.framework */ = {isa = PBXFileReference; lastKnownFileType = wrapper.framework; name = Foundation.framework; path = System/Library/Frameworks/Foundation.framework; sourceTree = SDKROOT; };
		3A99DB231417A8A800839430 /* CoreGraphics.framework */ = {isa = PBXFileReference; lastKnownFileType = wrapper.framework; name = CoreGraphics.framework; path = System/Library/Frameworks/CoreGraphics.framework; sourceTree = SDKROOT; };
		3A99DB271417A8A800839430 /* 123-Info.plist */ = {isa = PBXFileReference; path = "123-Info.plist"; sourceTree = "<group>"; };
		3A99DB291417A8A800839430 /* en */ = {isa = PBXFileReference; lastKnownFileType = text.plist.strings; name = en; path = en.lproj/InfoPlist.strings; sourceTree = "<group>"; };
		3A99DB2B1417A8A800839430 /* main.m */ = {isa = PBXFileReference; lastKnownFileType = sourcecode.c.objc; path = main.m; sourceTree = "<group>"; };
		3A99DB2D1417A8A800839430 /* 123-Prefix.pch */ = {isa = PBXFileReference; path = "123-Prefix.pch"; sourceTree = "<group>"; };
		3A99DB2E1417A8A800839430 /* _23AppDelegate.h */ = {isa = PBXFileReference; path = _23AppDelegate.h; sourceTree = "<group>"; };
		3A99DB2F1417A8A800839430 /* _23AppDelegate.m */ = {isa = PBXFileReference; lastKnownFileType = sourcecode.c.objc; path = _23AppDelegate.m; sourceTree = "<group>"; };
		3A99DB311417A8A800839430 /* _23ViewController.h */ = {isa = PBXFileReference; path = _23ViewController.h; sourceTree = "<group>"; };
		3A99DB321417A8A800839430 /* _23ViewController.m */ = {isa = PBXFileReference; lastKnownFileType = sourcecode.c.objc; path = _23ViewController.m; sourceTree = "<group>"; };
		3A99DB351417A8A800839430 /* en */ = {isa = PBXFileReference; lastKnownFileType = file.xib; name = en; path = en.lproj/_23ViewController.xib; sourceTree = "<group>"; };
/* End PBXFileReference section */

/* Begin PBXFrameworksBuildPhase section */
		3A99DB181417A8A800839430 /* Frameworks */ = {
			isa = PBXFrameworksBuildPhase;
			buildActionMask = 2147483647;
			files = (
				3A99DB201417A8A800839430 /* UIKit.framework in Frameworks */,
				3A99DB221417A8A800839430 /* Foundation.framework in Frameworks */,
				3A99DB241417A8A800839430 /* CoreGraphics.framework in Frameworks */,
			);
			runOnlyForDeploymentPostprocessing = 0;
		};
/* End PBXFrameworksBuildPhase section */

/* Begin PBXGroup section */
		3A99DB101417A8A800839430 = {
			isa = PBXGroup;
			children = (
				3A99DB251417A8A800839430 /* 123 */,
				3A99DB1E1417A8A800839430 /* Frameworks */,
				3A99DB1C1417A8A800839430 /* Products */,
			);
			sourceTree = "<group>";
		};
		3A99DB1C1417A8A800839430 /* Products */ = {
			isa = PBXGroup;
			children = (
				3A99DB1B1417A8A800839430 /* 123.app */,
			);
			name = Products;
			sourceTree = "<group>";
		};
		3A99DB1E1417A8A800839430 /* Frameworks */ = {
			isa = PBXGroup;
			children = (
				3A99DB1F1417A8A800839430 /* UIKit.framework */,
				3A99DB211417A8A800839430 /* Foundation.framework */,
				3A99DB231417A8A800839430 /* CoreGraphics.framework */,
			);
			name = Frameworks;
			sourceTree = "<group>";
		};
		3A99DB251417A8A800839430 /* 123 */ = {
			isa = PBXGroup;
			children = (
				3A99DB2E1417A8A800839430 /* _23AppDelegate.h */,
				3A99DB2F1417A8A800839430 /* _23AppDelegate.m */,
				3A99DB311417A8A800839430 /* _23ViewController.h */,
				3A99DB321417A8A800839430 /* _23ViewController.m */,
				3A99DB341417A8A800839430 /* _23ViewController.xib */,
				3A99DB261417A8A800839430 /* Supporting Files */,
			);
			path = 123;
			sourceTree = "<group>";
		};
		3A99DB261417A8A800839430 /* Supporting Files */ = {
			isa = PBXGroup;
			children = (
				3A99DB271417A8A800839430 /* 123-Info.plist */,
				3A99DB281417A8A800839430 /* InfoPlist.strings */,
				3A99DB2B1417A8A800839430 /* main.m */,
				3A99DB2D1417A8A800839430 /* 123-Prefix.pch */,
			);
			name = "Supporting Files";
			sourceTree = "<group>";
		};
/* End PBXGroup section */

/* Begin PBXNativeTarget section */
		3A99DB1A1417A8A800839430 /* 123 */ = {
			isa = PBXNativeTarget;
			buildConfigurationList = 3A99DB391417A8A800839430 /* Build configuration list for PBXNativeTarget "123" */;
			buildPhases = (
				3A99DB171417A8A800839430 /* Sources */,
				3A99DB181417A8A800839430 /* Frameworks */,
				3A99DB191417A8A800839430 /* Resources */,
			);
			buildRules = (
			);
			dependencies = (
			);
			name = 123;
			productName = 123;
			productReference = 3A99DB1B1417A8A800839430 /* 123.app */;
			productType = "com.apple.product-type.application";
		};
/* End PBXNativeTarget section */

/* Begin PBXProject section */
		3A99DB121417A8A800839430 /* Project object */ = {
			isa = PBXProject;
			buildConfigurationList = 3A99DB151417A8A800839430 /* Build configuration list for PBXProject "123" */;
			compatibilityVersion = "Xcode 3.2";
			developmentRegion = English;
			hasScannedForEncodings = 0;
			knownRegions = (
				en,
			);
			mainGroup = 3A99DB101417A8A800839430;
			productRefGroup = 3A99DB1C1417A8A800839430 /* Products */;
			projectDirPath = "";
			projectRoot = "";
			targets = (
				3A99DB1A1417A8A800839430 /* 123 */,
			);
		};
/* End PBXProject section */

/* Begin PBXResourcesBuildPhase section */
		3A99DB191417A8A800839430 /* Resources */ = {
			isa = PBXResourcesBuildPhase;
			buildActionMask = 2147483647;
			files = (
				3A99DB2A1417A8A800839430 /* InfoPlist.strings in Resources */,
				3A99DB361417A8A800839430 /* _23ViewController.xib in Resources */,
			);
			runOnlyForDeploymentPostprocessing = 0;
		};
/* End PBXResourcesBuildPhase section */

/* Begin PBXSourcesBuildPhase section */
		3A99DB171417A8A800839430 /* Sources */ = {
			isa = PBXSourcesBuildPhase;
			buildActionMask = 2147483647;
			files = (
				3A99DB2C1417A8A800839430 /* main.m in Sources */,
				3A99DB301417A8A800839430 /* _23AppDelegate.m in Sources */,
				3A99DB331417A8A800839430 /* _23ViewController.m in Sources */,
			);
			runOnlyForDeploymentPostprocessing = 0;
		};
/* End PBXSourcesBuildPhase section */

/* Begin PBXVariantGroup section */
		3A99DB281417A8A800839430 /* InfoPlist.strings */ = {
			isa = PBXVariantGroup;
			children = (
				3A99DB291417A8A800839430 /* en */,
			);
			name = InfoPlist.strings;
			sourceTree = "<group>";
		};
		3A99DB341417A8A800839430 /* _23ViewController.xib */ = {
			isa = PBXVariantGroup;
			children = (
				3A99DB351417A8A800839430 /* en */,
			);
			name = _23ViewController.xib;
			sourceTree = "<group>";
		};
/* End PBXVariantGroup section */

/* Begin XCBuildConfiguration section */
		3A99DB371417A8A800839430 /* Debug */ = {
			isa = XCBuildConfiguration;
			buildSettings = {
				ALWAYS_SEARCH_USER_PATHS = NO;
				ARCHS = "$(ARCHS_STANDARD_32_BIT)";
				CLANG_ENABLE_OBJC_ARC = YES;
				"CODE_SIGN_IDENTITY[sdk=iphoneos*]" = "iPhone Developer";
				COPY_PHASE_STRIP = NO;
				GCC_C_LANGUAGE_STANDARD = gnu99;
				GCC_DYNAMIC_NO_PIC = NO;
				GCC_OPTIMIZATION_LEVEL = 0;
				GCC_PREPROCESSOR_DEFINITIONS = (
					"DEBUG=1",
					"$(inherited)",
				);
				GCC_SYMBOLS_PRIVATE_EXTERN = NO;
				GCC_VERSION = com.apple.compilers.llvm.clang.1_0;
				GCC_WARN_ABOUT_MISSING_PROTOTYPES = YES;
				GCC_WARN_ABOUT_RETURN_TYPE = YES;
				GCC_WARN_UNUSED_VARIABLE = YES;
				IPHONEOS_DEPLOYMENT_TARGET = 5.0;
				SDKROOT = iphoneos;
			};
			name = Debug;
		};
		3A99DB381417A8A800839430 /* Release */ = {
			isa = XCBuildConfiguration;
			buildSettings = {
				ALWAYS_SEARCH_USER_PATHS = NO;
				ARCHS = "$(ARCHS_STANDARD_32_BIT)";
				CLANG_ENABLE_OBJC_ARC = YES;
				"CODE_SIGN_IDENTITY[sdk=iphoneos*]" = "iPhone Developer";
				COPY_PHASE_STRIP = YES;
				GCC_C_LANGUAGE_STANDARD = gnu99;
				GCC_VERSION = com.apple.compilers.llvm.clang.1_0;
				GCC_WARN_ABOUT_MISSING_PROTOTYPES = YES;
				GCC_WARN_ABOUT_RETURN_TYPE = YES;
				GCC_WARN_UNUSED_VARIABLE = YES;
				IPHONEOS_DEPLOYMENT_TARGET = 5.0;
				OTHER_CFLAGS = "-DNS_BLOCK_ASSERTIONS=1";
				SDKROOT = iphoneos;
				VALIDATE_PRODUCT = YES;
			};
			name = Release;
		};
		3A99DB3A1417A8A800839430 /* Debug */ = {
			isa = XCBuildConfiguration;
			buildSettings = {
				GCC_PRECOMPILE_PREFIX_HEADER = YES;
				GCC_PREFIX_HEADER = "123/123-Prefix.pch";
				INFOPLIST_FILE = "123/123-Info.plist";
				PRODUCT_NAME = "$(TARGET_NAME)";
				WRAPPER_EXTENSION = app;
			};
			name = Debug;
		};
		3A99DB3B1417A8A800839430 /* Release */ = {
			isa = XCBuildConfiguration;
			buildSettings = {
				GCC_PRECOMPILE_PREFIX_HEADER = YES;
				GCC_PREFIX_HEADER = "123/123-Prefix.pch";
				INFOPLIST_FILE = "123/123-Info.plist";
				PRODUCT_NAME = "$(TARGET_NAME)";
				WRAPPER_EXTENSION = app;
			};
			name = Release;
		};
/* End XCBuildConfiguration section */

/* Begin XCConfigurationList section */
		3A99DB151417A8A800839430 /* Build configuration list for PBXProject "123" */ = {
			isa = XCConfigurationList;
			buildConfigurations = (
				3A99DB371417A8A800839430 /* Debug */,
				3A99DB381417A8A800839430 /* Release */,
			);
			defaultConfigurationIsVisible = 0;
			defaultConfigurationName = Release;
		};
		3A99DB391417A8A800839430 /* Build configuration list for PBXNativeTarget "123" */ = {
			isa = XCConfigurationList;
			buildConfigurations = (
				3A99DB3A1417A8A800839430 /* Debug */,
				3A99DB3B1417A8A800839430 /* Release */,
			);
			defaultConfigurationIsVisible = 0;
		};
/* End XCConfigurationList section */
	};
	rootObject = 3A99DB121417A8A800839430 /* Project object */;
}
