// !$*UTF8*$!
{
	archiveVersion = 1;
	classes = {
	};
	objectVersion = 46;
	objects = {

/* Begin PBXBuildFile section */
		3AB0606F141A04B300AEF9C0 /* UIKit.framework in Frameworks */ = {isa = PBXBuildFile; fileRef = 3AB0606E141A04B300AEF9C0 /* UIKit.framework */; };
		3AB06071141A04B300AEF9C0 /* Foundation.framework in Frameworks */ = {isa = PBXBuildFile; fileRef = 3AB06070141A04B300AEF9C0 /* Foundation.framework */; };
		3AB06073141A04B300AEF9C0 /* CoreGraphics.framework in Frameworks */ = {isa = PBXBuildFile; fileRef = 3AB06072141A04B300AEF9C0 /* CoreGraphics.framework */; };
		3AB06079141A04B300AEF9C0 /* InfoPlist.strings in Resources */ = {isa = PBXBuildFile; fileRef = 3AB06077141A04B300AEF9C0 /* InfoPlist.strings */; };
		3AB0607B141A04B300AEF9C0 /* main.m in Sources */ = {isa = PBXBuildFile; fileRef = 3AB0607A141A04B300AEF9C0 /* main.m */; };
		3AB0607F141A04B300AEF9C0 /* _32AppDelegate.m in Sources */ = {isa = PBXBuildFile; fileRef = 3AB0607E141A04B300AEF9C0 /* _32AppDelegate.m */; };
		3AB06082141A04B300AEF9C0 /* MasterViewController.m in Sources */ = {isa = PBXBuildFile; fileRef = 3AB06081141A04B300AEF9C0 /* MasterViewController.m */; };
		3AB06085141A04B300AEF9C0 /* DetailViewController.m in Sources */ = {isa = PBXBuildFile; fileRef = 3AB06084141A04B300AEF9C0 /* DetailViewController.m */; };
		3AB06088141A04B300AEF9C0 /* MasterViewController.xib in Resources */ = {isa = PBXBuildFile; fileRef = 3AB06086141A04B300AEF9C0 /* MasterViewController.xib */; };
		3AB0608B141A04B300AEF9C0 /* DetailViewController.xib in Resources */ = {isa = PBXBuildFile; fileRef = 3AB06089141A04B300AEF9C0 /* DetailViewController.xib */; };
/* End PBXBuildFile section */

/* Begin PBXFileReference section */
		3AB0606A141A04B300AEF9C0 /* 432.app */ = {isa = PBXFileReference; explicitFileType = wrapper.application; includeInIndex = 0; path = 432.app; sourceTree = BUILT_PRODUCTS_DIR; };
		3AB0606E141A04B300AEF9C0 /* UIKit.framework */ = {isa = PBXFileReference; lastKnownFileType = wrapper.framework; name = UIKit.framework; path = System/Library/Frameworks/UIKit.framework; sourceTree = SDKROOT; };
		3AB06070141A04B300AEF9C0 /* Foundation.framework */ = {isa = PBXFileReference; lastKnownFileType = wrapper.framework; name = Foundation.framework; path = System/Library/Frameworks/Foundation.framework; sourceTree = SDKROOT; };
		3AB06072141A04B300AEF9C0 /* CoreGraphics.framework */ = {isa = PBXFileReference; lastKnownFileType = wrapper.framework; name = CoreGraphics.framework; path = System/Library/Frameworks/CoreGraphics.framework; sourceTree = SDKROOT; };
		3AB06076141A04B300AEF9C0 /* 432-Info.plist */ = {isa = PBXFileReference; path = "432-Info.plist"; sourceTree = "<group>"; };
		3AB06078141A04B300AEF9C0 /* en */ = {isa = PBXFileReference; lastKnownFileType = text.plist.strings; name = en; path = en.lproj/InfoPlist.strings; sourceTree = "<group>"; };
		3AB0607A141A04B300AEF9C0 /* main.m */ = {isa = PBXFileReference; lastKnownFileType = sourcecode.c.objc; path = main.m; sourceTree = "<group>"; };
		3AB0607C141A04B300AEF9C0 /* 432-Prefix.pch */ = {isa = PBXFileReference; path = "432-Prefix.pch"; sourceTree = "<group>"; };
		3AB0607D141A04B300AEF9C0 /* _32AppDelegate.h */ = {isa = PBXFileReference; path = _32AppDelegate.h; sourceTree = "<group>"; };
		3AB0607E141A04B300AEF9C0 /* _32AppDelegate.m */ = {isa = PBXFileReference; lastKnownFileType = sourcecode.c.objc; path = _32AppDelegate.m; sourceTree = "<group>"; };
		3AB06080141A04B300AEF9C0 /* MasterViewController.h */ = {isa = PBXFileReference; path = MasterViewController.h; sourceTree = "<group>"; };
		3AB06081141A04B300AEF9C0 /* MasterViewController.m */ = {isa = PBXFileReference; lastKnownFileType = sourcecode.c.objc; path = MasterViewController.m; sourceTree = "<group>"; };
		3AB06083141A04B300AEF9C0 /* DetailViewController.h */ = {isa = PBXFileReference; path = DetailViewController.h; sourceTree = "<group>"; };
		3AB06084141A04B300AEF9C0 /* DetailViewController.m */ = {isa = PBXFileReference; lastKnownFileType = sourcecode.c.objc; path = DetailViewController.m; sourceTree = "<group>"; };
		3AB06087141A04B300AEF9C0 /* en */ = {isa = PBXFileReference; lastKnownFileType = file.xib; name = en; path = en.lproj/MasterViewController.xib; sourceTree = "<group>"; };
		3AB0608A141A04B300AEF9C0 /* en */ = {isa = PBXFileReference; lastKnownFileType = file.xib; name = en; path = en.lproj/DetailViewController.xib; sourceTree = "<group>"; };
/* End PBXFileReference section */

/* Begin PBXFrameworksBuildPhase section */
		3AB06067141A04B300AEF9C0 /* Frameworks */ = {
			isa = PBXFrameworksBuildPhase;
			buildActionMask = 2147483647;
			files = (
				3AB0606F141A04B300AEF9C0 /* UIKit.framework in Frameworks */,
				3AB06071141A04B300AEF9C0 /* Foundation.framework in Frameworks */,
				3AB06073141A04B300AEF9C0 /* CoreGraphics.framework in Frameworks */,
			);
			runOnlyForDeploymentPostprocessing = 0;
		};
/* End PBXFrameworksBuildPhase section */

/* Begin PBXGroup section */
		3AB0605F141A04B300AEF9C0 = {
			isa = PBXGroup;
			children = (
				3AB06074141A04B300AEF9C0 /* 432 */,
				3AB0606D141A04B300AEF9C0 /* Frameworks */,
				3AB0606B141A04B300AEF9C0 /* Products */,
			);
			sourceTree = "<group>";
		};
		3AB0606B141A04B300AEF9C0 /* Products */ = {
			isa = PBXGroup;
			children = (
				3AB0606A141A04B300AEF9C0 /* 432.app */,
			);
			name = Products;
			sourceTree = "<group>";
		};
		3AB0606D141A04B300AEF9C0 /* Frameworks */ = {
			isa = PBXGroup;
			children = (
				3AB0606E141A04B300AEF9C0 /* UIKit.framework */,
				3AB06070141A04B300AEF9C0 /* Foundation.framework */,
				3AB06072141A04B300AEF9C0 /* CoreGraphics.framework */,
			);
			name = Frameworks;
			sourceTree = "<group>";
		};
		3AB06074141A04B300AEF9C0 /* 432 */ = {
			isa = PBXGroup;
			children = (
				3AB0607D141A04B300AEF9C0 /* _32AppDelegate.h */,
				3AB0607E141A04B300AEF9C0 /* _32AppDelegate.m */,
				3AB06080141A04B300AEF9C0 /* MasterViewController.h */,
				3AB06081141A04B300AEF9C0 /* MasterViewController.m */,
				3AB06083141A04B300AEF9C0 /* DetailViewController.h */,
				3AB06084141A04B300AEF9C0 /* DetailViewController.m */,
				3AB06086141A04B300AEF9C0 /* MasterViewController.xib */,
				3AB06089141A04B300AEF9C0 /* DetailViewController.xib */,
				3AB06075141A04B300AEF9C0 /* Supporting Files */,
			);
			path = 432;
			sourceTree = "<group>";
		};
		3AB06075141A04B300AEF9C0 /* Supporting Files */ = {
			isa = PBXGroup;
			children = (
				3AB06076141A04B300AEF9C0 /* 432-Info.plist */,
				3AB06077141A04B300AEF9C0 /* InfoPlist.strings */,
				3AB0607A141A04B300AEF9C0 /* main.m */,
				3AB0607C141A04B300AEF9C0 /* 432-Prefix.pch */,
			);
			name = "Supporting Files";
			sourceTree = "<group>";
		};
/* End PBXGroup section */

/* Begin PBXNativeTarget section */
		3AB06069141A04B300AEF9C0 /* 432 */ = {
			isa = PBXNativeTarget;
			buildConfigurationList = 3AB0608E141A04B300AEF9C0 /* Build configuration list for PBXNativeTarget "432" */;
			buildPhases = (
				3AB06066141A04B300AEF9C0 /* Sources */,
				3AB06067141A04B300AEF9C0 /* Frameworks */,
				3AB06068141A04B300AEF9C0 /* Resources */,
			);
			buildRules = (
			);
			dependencies = (
			);
			name = 432;
			productName = 432;
			productReference = 3AB0606A141A04B300AEF9C0 /* 432.app */;
			productType = "com.apple.product-type.application";
		};
/* End PBXNativeTarget section */

/* Begin PBXProject section */
		3AB06061141A04B300AEF9C0 /* Project object */ = {
			isa = PBXProject;
			buildConfigurationList = 3AB06064141A04B300AEF9C0 /* Build configuration list for PBXProject "432" */;
			compatibilityVersion = "Xcode 3.2";
			developmentRegion = English;
			hasScannedForEncodings = 0;
			knownRegions = (
				en,
			);
			mainGroup = 3AB0605F141A04B300AEF9C0;
			productRefGroup = 3AB0606B141A04B300AEF9C0 /* Products */;
			projectDirPath = "";
			projectRoot = "";
			targets = (
				3AB06069141A04B300AEF9C0 /* 432 */,
			);
		};
/* End PBXProject section */

/* Begin PBXResourcesBuildPhase section */
		3AB06068141A04B300AEF9C0 /* Resources */ = {
			isa = PBXResourcesBuildPhase;
			buildActionMask = 2147483647;
			files = (
				3AB06079141A04B300AEF9C0 /* InfoPlist.strings in Resources */,
				3AB06088141A04B300AEF9C0 /* MasterViewController.xib in Resources */,
				3AB0608B141A04B300AEF9C0 /* DetailViewController.xib in Resources */,
			);
			runOnlyForDeploymentPostprocessing = 0;
		};
/* End PBXResourcesBuildPhase section */

/* Begin PBXSourcesBuildPhase section */
		3AB06066141A04B300AEF9C0 /* Sources */ = {
			isa = PBXSourcesBuildPhase;
			buildActionMask = 2147483647;
			files = (
				3AB0607B141A04B300AEF9C0 /* main.m in Sources */,
				3AB0607F141A04B300AEF9C0 /* _32AppDelegate.m in Sources */,
				3AB06082141A04B300AEF9C0 /* MasterViewController.m in Sources */,
				3AB06085141A04B300AEF9C0 /* DetailViewController.m in Sources */,
			);
			runOnlyForDeploymentPostprocessing = 0;
		};
/* End PBXSourcesBuildPhase section */

/* Begin PBXVariantGroup section */
		3AB06077141A04B300AEF9C0 /* InfoPlist.strings */ = {
			isa = PBXVariantGroup;
			children = (
				3AB06078141A04B300AEF9C0 /* en */,
			);
			name = InfoPlist.strings;
			sourceTree = "<group>";
		};
		3AB06086141A04B300AEF9C0 /* MasterViewController.xib */ = {
			isa = PBXVariantGroup;
			children = (
				3AB06087141A04B300AEF9C0 /* en */,
			);
			name = MasterViewController.xib;
			sourceTree = "<group>";
		};
		3AB06089141A04B300AEF9C0 /* DetailViewController.xib */ = {
			isa = PBXVariantGroup;
			children = (
				3AB0608A141A04B300AEF9C0 /* en */,
			);
			name = DetailViewController.xib;
			sourceTree = "<group>";
		};
/* End PBXVariantGroup section */

/* Begin XCBuildConfiguration section */
		3AB0608C141A04B300AEF9C0 /* Debug */ = {
			isa = XCBuildConfiguration;
			buildSettings = {
				ALWAYS_SEARCH_USER_PATHS = NO;
				ARCHS = "$(ARCHS_STANDARD_32_BIT)";
				CLANG_ENABLE_OBJC_ARC = YES;
				"CODE_SIGN_IDENTITY[sdk=iphoneos*]" = "iPhone Developer";
				COPY_PHASE_STRIP = NO;
				GCC_C_LANGUAGE_STANDARD = gnu99;
				GCC_DYNAMIC_NO_PIC = NO;
				GCC_OPTIMIZATION_LEVEL = 0;
				GCC_PREPROCESSOR_DEFINITIONS = (
					"DEBUG=1",
					"$(inherited)",
				);
				GCC_SYMBOLS_PRIVATE_EXTERN = NO;
				GCC_VERSION = com.apple.compilers.llvm.clang.1_0;
				GCC_WARN_ABOUT_MISSING_PROTOTYPES = YES;
				GCC_WARN_ABOUT_RETURN_TYPE = YES;
				GCC_WARN_UNUSED_VARIABLE = YES;
				IPHONEOS_DEPLOYMENT_TARGET = 5.0;
				SDKROOT = iphoneos;
			};
			name = Debug;
		};
		3AB0608D141A04B300AEF9C0 /* Release */ = {
			isa = XCBuildConfiguration;
			buildSettings = {
				ALWAYS_SEARCH_USER_PATHS = NO;
				ARCHS = "$(ARCHS_STANDARD_32_BIT)";
				CLANG_ENABLE_OBJC_ARC = YES;
				"CODE_SIGN_IDENTITY[sdk=iphoneos*]" = "iPhone Developer";
				COPY_PHASE_STRIP = YES;
				GCC_C_LANGUAGE_STANDARD = gnu99;
				GCC_VERSION = com.apple.compilers.llvm.clang.1_0;
				GCC_WARN_ABOUT_MISSING_PROTOTYPES = YES;
				GCC_WARN_ABOUT_RETURN_TYPE = YES;
				GCC_WARN_UNUSED_VARIABLE = YES;
				IPHONEOS_DEPLOYMENT_TARGET = 5.0;
				OTHER_CFLAGS = "-DNS_BLOCK_ASSERTIONS=1";
				SDKROOT = iphoneos;
				VALIDATE_PRODUCT = YES;
			};
			name = Release;
		};
		3AB0608F141A04B300AEF9C0 /* Debug */ = {
			isa = XCBuildConfiguration;
			buildSettings = {
				GCC_PRECOMPILE_PREFIX_HEADER = YES;
				GCC_PREFIX_HEADER = "432/432-Prefix.pch";
				INFOPLIST_FILE = "432/432-Info.plist";
				PRODUCT_NAME = "$(TARGET_NAME)";
				WRAPPER_EXTENSION = app;
			};
			name = Debug;
		};
		3AB06090141A04B300AEF9C0 /* Release */ = {
			isa = XCBuildConfiguration;
			buildSettings = {
				GCC_PRECOMPILE_PREFIX_HEADER = YES;
				GCC_PREFIX_HEADER = "432/432-Prefix.pch";
				INFOPLIST_FILE = "432/432-Info.plist";
				PRODUCT_NAME = "$(TARGET_NAME)";
				WRAPPER_EXTENSION = app;
			};
			name = Release;
		};
/* End XCBuildConfiguration section */

/* Begin XCConfigurationList section */
		3AB06064141A04B300AEF9C0 /* Build configuration list for PBXProject "432" */ = {
			isa = XCConfigurationList;
			buildConfigurations = (
				3AB0608C141A04B300AEF9C0 /* Debug */,
				3AB0608D141A04B300AEF9C0 /* Release */,
			);
			defaultConfigurationIsVisible = 0;
			defaultConfigurationName = Release;
		};
		3AB0608E141A04B300AEF9C0 /* Build configuration list for PBXNativeTarget "432" */ = {
			isa = XCConfigurationList;
			buildConfigurations = (
				3AB0608F141A04B300AEF9C0 /* Debug */,
				3AB06090141A04B300AEF9C0 /* Release */,
			);
			defaultConfigurationIsVisible = 0;
		};
/* End XCConfigurationList section */
	};
	rootObject = 3AB06061141A04B300AEF9C0 /* Project object */;
}
