// !$*UTF8*$!
{
	archiveVersion = 1;
	classes = {
	};
	objectVersion = 46;
	objects = {

/* Begin PBXBuildFile section */
		3AB429B3142DAF6500B74AAC /* UIKit.framework in Frameworks */ = {isa = PBXBuildFile; fileRef = 3AB429B2142DAF6500B74AAC /* UIKit.framework */; };
		3AB429B5142DAF6500B74AAC /* Foundation.framework in Frameworks */ = {isa = PBXBuildFile; fileRef = 3AB429B4142DAF6500B74AAC /* Foundation.framework */; };
		3AB429B7142DAF6500B74AAC /* CoreGraphics.framework in Frameworks */ = {isa = PBXBuildFile; fileRef = 3AB429B6142DAF6500B74AAC /* CoreGraphics.framework */; };
		3AB429BD142DAF6500B74AAC /* InfoPlist.strings in Resources */ = {isa = PBXBuildFile; fileRef = 3AB429BB142DAF6500B74AAC /* InfoPlist.strings */; };
		3AB429BF142DAF6500B74AAC /* main.m in Sources */ = {isa = PBXBuildFile; fileRef = 3AB429BE142DAF6500B74AAC /* main.m */; };
		3AB429C3142DAF6500B74AAC /* _111AppDelegate.m in Sources */ = {isa = PBXBuildFile; fileRef = 3AB429C2142DAF6500B74AAC /* _111AppDelegate.m */; };
		3AB429C6142DAF6600B74AAC /* _111ViewController.m in Sources */ = {isa = PBXBuildFile; fileRef = 3AB429C5142DAF6600B74AAC /* _111ViewController.m */; };
		3AB429C9142DAF6600B74AAC /* _111ViewController.xib in Resources */ = {isa = PBXBuildFile; fileRef = 3AB429C7142DAF6600B74AAC /* _111ViewController.xib */; };
/* End PBXBuildFile section */

/* Begin PBXFileReference section */
		3AB429AE142DAF6500B74AAC /* 1111.app */ = {isa = PBXFileReference; explicitFileType = wrapper.application; includeInIndex = 0; path = 1111.app; sourceTree = BUILT_PRODUCTS_DIR; };
		3AB429B2142DAF6500B74AAC /* UIKit.framework */ = {isa = PBXFileReference; lastKnownFileType = wrapper.framework; name = UIKit.framework; path = System/Library/Frameworks/UIKit.framework; sourceTree = SDKROOT; };
		3AB429B4142DAF6500B74AAC /* Foundation.framework */ = {isa = PBXFileReference; lastKnownFileType = wrapper.framework; name = Foundation.framework; path = System/Library/Frameworks/Foundation.framework; sourceTree = SDKROOT; };
		3AB429B6142DAF6500B74AAC /* CoreGraphics.framework */ = {isa = PBXFileReference; lastKnownFileType = wrapper.framework; name = CoreGraphics.framework; path = System/Library/Frameworks/CoreGraphics.framework; sourceTree = SDKROOT; };
		3AB429BA142DAF6500B74AAC /* 1111-Info.plist */ = {isa = PBXFileReference; path = "1111-Info.plist"; sourceTree = "<group>"; };
		3AB429BC142DAF6500B74AAC /* en */ = {isa = PBXFileReference; lastKnownFileType = text.plist.strings; name = en; path = en.lproj/InfoPlist.strings; sourceTree = "<group>"; };
		3AB429BE142DAF6500B74AAC /* main.m */ = {isa = PBXFileReference; lastKnownFileType = sourcecode.c.objc; path = main.m; sourceTree = "<group>"; };
		3AB429C0142DAF6500B74AAC /* 1111-Prefix.pch */ = {isa = PBXFileReference; path = "1111-Prefix.pch"; sourceTree = "<group>"; };
		3AB429C1142DAF6500B74AAC /* _111AppDelegate.h */ = {isa = PBXFileReference; path = _111AppDelegate.h; sourceTree = "<group>"; };
		3AB429C2142DAF6500B74AAC /* _111AppDelegate.m */ = {isa = PBXFileReference; lastKnownFileType = sourcecode.c.objc; path = _111AppDelegate.m; sourceTree = "<group>"; };
		3AB429C4142DAF6500B74AAC /* _111ViewController.h */ = {isa = PBXFileReference; path = _111ViewController.h; sourceTree = "<group>"; };
		3AB429C5142DAF6600B74AAC /* _111ViewController.m */ = {isa = PBXFileReference; lastKnownFileType = sourcecode.c.objc; path = _111ViewController.m; sourceTree = "<group>"; };
		3AB429C8142DAF6600B74AAC /* en */ = {isa = PBXFileReference; lastKnownFileType = file.xib; name = en; path = en.lproj/_111ViewController.xib; sourceTree = "<group>"; };
/* End PBXFileReference section */

/* Begin PBXFrameworksBuildPhase section */
		3AB429AB142DAF6500B74AAC /* Frameworks */ = {
			isa = PBXFrameworksBuildPhase;
			buildActionMask = 2147483647;
			files = (
				3AB429B3142DAF6500B74AAC /* UIKit.framework in Frameworks */,
				3AB429B5142DAF6500B74AAC /* Foundation.framework in Frameworks */,
				3AB429B7142DAF6500B74AAC /* CoreGraphics.framework in Frameworks */,
			);
			runOnlyForDeploymentPostprocessing = 0;
		};
/* End PBXFrameworksBuildPhase section */

/* Begin PBXGroup section */
		3AB429A3142DAF6500B74AAC = {
			isa = PBXGroup;
			children = (
				3AB429B8142DAF6500B74AAC /* 1111 */,
				3AB429B1142DAF6500B74AAC /* Frameworks */,
				3AB429AF142DAF6500B74AAC /* Products */,
			);
			sourceTree = "<group>";
		};
		3AB429AF142DAF6500B74AAC /* Products */ = {
			isa = PBXGroup;
			children = (
				3AB429AE142DAF6500B74AAC /* 1111.app */,
			);
			name = Products;
			sourceTree = "<group>";
		};
		3AB429B1142DAF6500B74AAC /* Frameworks */ = {
			isa = PBXGroup;
			children = (
				3AB429B2142DAF6500B74AAC /* UIKit.framework */,
				3AB429B4142DAF6500B74AAC /* Foundation.framework */,
				3AB429B6142DAF6500B74AAC /* CoreGraphics.framework */,
			);
			name = Frameworks;
			sourceTree = "<group>";
		};
		3AB429B8142DAF6500B74AAC /* 1111 */ = {
			isa = PBXGroup;
			children = (
				3AB429C1142DAF6500B74AAC /* _111AppDelegate.h */,
				3AB429C2142DAF6500B74AAC /* _111AppDelegate.m */,
				3AB429C4142DAF6500B74AAC /* _111ViewController.h */,
				3AB429C5142DAF6600B74AAC /* _111ViewController.m */,
				3AB429C7142DAF6600B74AAC /* _111ViewController.xib */,
				3AB429B9142DAF6500B74AAC /* Supporting Files */,
			);
			path = 1111;
			sourceTree = "<group>";
		};
		3AB429B9142DAF6500B74AAC /* Supporting Files */ = {
			isa = PBXGroup;
			children = (
				3AB429BA142DAF6500B74AAC /* 1111-Info.plist */,
				3AB429BB142DAF6500B74AAC /* InfoPlist.strings */,
				3AB429BE142DAF6500B74AAC /* main.m */,
				3AB429C0142DAF6500B74AAC /* 1111-Prefix.pch */,
			);
			name = "Supporting Files";
			sourceTree = "<group>";
		};
/* End PBXGroup section */

/* Begin PBXNativeTarget section */
		3AB429AD142DAF6500B74AAC /* 1111 */ = {
			isa = PBXNativeTarget;
			buildConfigurationList = 3AB429CC142DAF6600B74AAC /* Build configuration list for PBXNativeTarget "1111" */;
			buildPhases = (
				3AB429AA142DAF6500B74AAC /* Sources */,
				3AB429AB142DAF6500B74AAC /* Frameworks */,
				3AB429AC142DAF6500B74AAC /* Resources */,
			);
			buildRules = (
			);
			dependencies = (
			);
			name = 1111;
			productName = 1111;
			productReference = 3AB429AE142DAF6500B74AAC /* 1111.app */;
			productType = "com.apple.product-type.application";
		};
/* End PBXNativeTarget section */

/* Begin PBXProject section */
		3AB429A5142DAF6500B74AAC /* Project object */ = {
			isa = PBXProject;
			buildConfigurationList = 3AB429A8142DAF6500B74AAC /* Build configuration list for PBXProject "1111" */;
			compatibilityVersion = "Xcode 3.2";
			developmentRegion = English;
			hasScannedForEncodings = 0;
			knownRegions = (
				en,
			);
			mainGroup = 3AB429A3142DAF6500B74AAC;
			productRefGroup = 3AB429AF142DAF6500B74AAC /* Products */;
			projectDirPath = "";
			projectRoot = "";
			targets = (
				3AB429AD142DAF6500B74AAC /* 1111 */,
			);
		};
/* End PBXProject section */

/* Begin PBXResourcesBuildPhase section */
		3AB429AC142DAF6500B74AAC /* Resources */ = {
			isa = PBXResourcesBuildPhase;
			buildActionMask = 2147483647;
			files = (
				3AB429BD142DAF6500B74AAC /* InfoPlist.strings in Resources */,
				3AB429C9142DAF6600B74AAC /* _111ViewController.xib in Resources */,
			);
			runOnlyForDeploymentPostprocessing = 0;
		};
/* End PBXResourcesBuildPhase section */

/* Begin PBXSourcesBuildPhase section */
		3AB429AA142DAF6500B74AAC /* Sources */ = {
			isa = PBXSourcesBuildPhase;
			buildActionMask = 2147483647;
			files = (
				3AB429BF142DAF6500B74AAC /* main.m in Sources */,
				3AB429C3142DAF6500B74AAC /* _111AppDelegate.m in Sources */,
				3AB429C6142DAF6600B74AAC /* _111ViewController.m in Sources */,
			);
			runOnlyForDeploymentPostprocessing = 0;
		};
/* End PBXSourcesBuildPhase section */

/* Begin PBXVariantGroup section */
		3AB429BB142DAF6500B74AAC /* InfoPlist.strings */ = {
			isa = PBXVariantGroup;
			children = (
				3AB429BC142DAF6500B74AAC /* en */,
			);
			name = InfoPlist.strings;
			sourceTree = "<group>";
		};
		3AB429C7142DAF6600B74AAC /* _111ViewController.xib */ = {
			isa = PBXVariantGroup;
			children = (
				3AB429C8142DAF6600B74AAC /* en */,
			);
			name = _111ViewController.xib;
			sourceTree = "<group>";
		};
/* End PBXVariantGroup section */

/* Begin XCBuildConfiguration section */
		3AB429CA142DAF6600B74AAC /* Debug */ = {
			isa = XCBuildConfiguration;
			buildSettings = {
				ALWAYS_SEARCH_USER_PATHS = NO;
				ARCHS = "$(ARCHS_STANDARD_32_BIT)";
				CLANG_ENABLE_OBJC_ARC = YES;
				"CODE_SIGN_IDENTITY[sdk=iphoneos*]" = "iPhone Developer";
				COPY_PHASE_STRIP = NO;
				GCC_C_LANGUAGE_STANDARD = gnu99;
				GCC_DYNAMIC_NO_PIC = NO;
				GCC_OPTIMIZATION_LEVEL = 0;
				GCC_PREPROCESSOR_DEFINITIONS = (
					"DEBUG=1",
					"$(inherited)",
				);
				GCC_SYMBOLS_PRIVATE_EXTERN = NO;
				GCC_VERSION = com.apple.compilers.llvm.clang.1_0;
				GCC_WARN_ABOUT_MISSING_PROTOTYPES = YES;
				GCC_WARN_ABOUT_RETURN_TYPE = YES;
				GCC_WARN_UNUSED_VARIABLE = YES;
				IPHONEOS_DEPLOYMENT_TARGET = 5.0;
				SDKROOT = iphoneos;
			};
			name = Debug;
		};
		3AB429CB142DAF6600B74AAC /* Release */ = {
			isa = XCBuildConfiguration;
			buildSettings = {
				ALWAYS_SEARCH_USER_PATHS = NO;
				ARCHS = "$(ARCHS_STANDARD_32_BIT)";
				CLANG_ENABLE_OBJC_ARC = YES;
				"CODE_SIGN_IDENTITY[sdk=iphoneos*]" = "iPhone Developer";
				COPY_PHASE_STRIP = YES;
				GCC_C_LANGUAGE_STANDARD = gnu99;
				GCC_VERSION = com.apple.compilers.llvm.clang.1_0;
				GCC_WARN_ABOUT_MISSING_PROTOTYPES = YES;
				GCC_WARN_ABOUT_RETURN_TYPE = YES;
				GCC_WARN_UNUSED_VARIABLE = YES;
				IPHONEOS_DEPLOYMENT_TARGET = 5.0;
				OTHER_CFLAGS = "-DNS_BLOCK_ASSERTIONS=1";
				SDKROOT = iphoneos;
				VALIDATE_PRODUCT = YES;
			};
			name = Release;
		};
		3AB429CD142DAF6600B74AAC /* Debug */ = {
			isa = XCBuildConfiguration;
			buildSettings = {
				GCC_PRECOMPILE_PREFIX_HEADER = YES;
				GCC_PREFIX_HEADER = "1111/1111-Prefix.pch";
				INFOPLIST_FILE = "1111/1111-Info.plist";
				PRODUCT_NAME = "$(TARGET_NAME)";
				WRAPPER_EXTENSION = app;
			};
			name = Debug;
		};
		3AB429CE142DAF6600B74AAC /* Release */ = {
			isa = XCBuildConfiguration;
			buildSettings = {
				GCC_PRECOMPILE_PREFIX_HEADER = YES;
				GCC_PREFIX_HEADER = "1111/1111-Prefix.pch";
				INFOPLIST_FILE = "1111/1111-Info.plist";
				PRODUCT_NAME = "$(TARGET_NAME)";
				WRAPPER_EXTENSION = app;
			};
			name = Release;
		};
/* End XCBuildConfiguration section */

/* Begin XCConfigurationList section */
		3AB429A8142DAF6500B74AAC /* Build configuration list for PBXProject "1111" */ = {
			isa = XCConfigurationList;
			buildConfigurations = (
				3AB429CA142DAF6600B74AAC /* Debug */,
				3AB429CB142DAF6600B74AAC /* Release */,
			);
			defaultConfigurationIsVisible = 0;
			defaultConfigurationName = Release;
		};
		3AB429CC142DAF6600B74AAC /* Build configuration list for PBXNativeTarget "1111" */ = {
			isa = XCConfigurationList;
			buildConfigurations = (
				3AB429CD142DAF6600B74AAC /* Debug */,
				3AB429CE142DAF6600B74AAC /* Release */,
			);
			defaultConfigurationIsVisible = 0;
		};
/* End XCConfigurationList section */
	};
	rootObject = 3AB429A5142DAF6500B74AAC /* Project object */;
}
