// !$*UTF8*$!
{
	archiveVersion = 1;
	classes = {
	};
	objectVersion = 46;
	objects = {

/* Begin PBXBuildFile section */
		3AB42981142DAE2C00B74AAC /* UIKit.framework in Frameworks */ = {isa = PBXBuildFile; fileRef = 3AB42980142DAE2C00B74AAC /* UIKit.framework */; };
		3AB42983142DAE2C00B74AAC /* Foundation.framework in Frameworks */ = {isa = PBXBuildFile; fileRef = 3AB42982142DAE2C00B74AAC /* Foundation.framework */; };
		3AB42985142DAE2C00B74AAC /* CoreGraphics.framework in Frameworks */ = {isa = PBXBuildFile; fileRef = 3AB42984142DAE2C00B74AAC /* CoreGraphics.framework */; };
		3AB4298B142DAE2C00B74AAC /* InfoPlist.strings in Resources */ = {isa = PBXBuildFile; fileRef = 3AB42989142DAE2C00B74AAC /* InfoPlist.strings */; };
		3AB4298D142DAE2C00B74AAC /* main.m in Sources */ = {isa = PBXBuildFile; fileRef = 3AB4298C142DAE2C00B74AAC /* main.m */; };
		3AB42991142DAE2C00B74AAC /* _234AppDelegate.m in Sources */ = {isa = PBXBuildFile; fileRef = 3AB42990142DAE2C00B74AAC /* _234AppDelegate.m */; };
		3AB42994142DAE2C00B74AAC /* MasterViewController.m in Sources */ = {isa = PBXBuildFile; fileRef = 3AB42993142DAE2C00B74AAC /* MasterViewController.m */; };
		3AB42997142DAE2C00B74AAC /* DetailViewController.m in Sources */ = {isa = PBXBuildFile; fileRef = 3AB42996142DAE2C00B74AAC /* DetailViewController.m */; };
		3AB4299A142DAE2C00B74AAC /* MasterViewController.xib in Resources */ = {isa = PBXBuildFile; fileRef = 3AB42998142DAE2C00B74AAC /* MasterViewController.xib */; };
		3AB4299D142DAE2C00B74AAC /* DetailViewController.xib in Resources */ = {isa = PBXBuildFile; fileRef = 3AB4299B142DAE2C00B74AAC /* DetailViewController.xib */; };
/* End PBXBuildFile section */

/* Begin PBXFileReference section */
		3AB4297C142DAE2C00B74AAC /* 1234.app */ = {isa = PBXFileReference; explicitFileType = wrapper.application; includeInIndex = 0; path = 1234.app; sourceTree = BUILT_PRODUCTS_DIR; };
		3AB42980142DAE2C00B74AAC /* UIKit.framework */ = {isa = PBXFileReference; lastKnownFileType = wrapper.framework; name = UIKit.framework; path = System/Library/Frameworks/UIKit.framework; sourceTree = SDKROOT; };
		3AB42982142DAE2C00B74AAC /* Foundation.framework */ = {isa = PBXFileReference; lastKnownFileType = wrapper.framework; name = Foundation.framework; path = System/Library/Frameworks/Foundation.framework; sourceTree = SDKROOT; };
		3AB42984142DAE2C00B74AAC /* CoreGraphics.framework */ = {isa = PBXFileReference; lastKnownFileType = wrapper.framework; name = CoreGraphics.framework; path = System/Library/Frameworks/CoreGraphics.framework; sourceTree = SDKROOT; };
		3AB42988142DAE2C00B74AAC /* 1234-Info.plist */ = {isa = PBXFileReference; path = "1234-Info.plist"; sourceTree = "<group>"; };
		3AB4298A142DAE2C00B74AAC /* en */ = {isa = PBXFileReference; lastKnownFileType = text.plist.strings; name = en; path = en.lproj/InfoPlist.strings; sourceTree = "<group>"; };
		3AB4298C142DAE2C00B74AAC /* main.m */ = {isa = PBXFileReference; lastKnownFileType = sourcecode.c.objc; path = main.m; sourceTree = "<group>"; };
		3AB4298E142DAE2C00B74AAC /* 1234-Prefix.pch */ = {isa = PBXFileReference; path = "1234-Prefix.pch"; sourceTree = "<group>"; };
		3AB4298F142DAE2C00B74AAC /* _234AppDelegate.h */ = {isa = PBXFileReference; path = _234AppDelegate.h; sourceTree = "<group>"; };
		3AB42990142DAE2C00B74AAC /* _234AppDelegate.m */ = {isa = PBXFileReference; lastKnownFileType = sourcecode.c.objc; path = _234AppDelegate.m; sourceTree = "<group>"; };
		3AB42992142DAE2C00B74AAC /* MasterViewController.h */ = {isa = PBXFileReference; path = MasterViewController.h; sourceTree = "<group>"; };
		3AB42993142DAE2C00B74AAC /* MasterViewController.m */ = {isa = PBXFileReference; lastKnownFileType = sourcecode.c.objc; path = MasterViewController.m; sourceTree = "<group>"; };
		3AB42995142DAE2C00B74AAC /* DetailViewController.h */ = {isa = PBXFileReference; path = DetailViewController.h; sourceTree = "<group>"; };
		3AB42996142DAE2C00B74AAC /* DetailViewController.m */ = {isa = PBXFileReference; lastKnownFileType = sourcecode.c.objc; path = DetailViewController.m; sourceTree = "<group>"; };
		3AB42999142DAE2C00B74AAC /* en */ = {isa = PBXFileReference; lastKnownFileType = file.xib; name = en; path = en.lproj/MasterViewController.xib; sourceTree = "<group>"; };
		3AB4299C142DAE2C00B74AAC /* en */ = {isa = PBXFileReference; lastKnownFileType = file.xib; name = en; path = en.lproj/DetailViewController.xib; sourceTree = "<group>"; };
/* End PBXFileReference section */

/* Begin PBXFrameworksBuildPhase section */
		3AB42979142DAE2C00B74AAC /* Frameworks */ = {
			isa = PBXFrameworksBuildPhase;
			buildActionMask = 2147483647;
			files = (
				3AB42981142DAE2C00B74AAC /* UIKit.framework in Frameworks */,
				3AB42983142DAE2C00B74AAC /* Foundation.framework in Frameworks */,
				3AB42985142DAE2C00B74AAC /* CoreGraphics.framework in Frameworks */,
			);
			runOnlyForDeploymentPostprocessing = 0;
		};
/* End PBXFrameworksBuildPhase section */

/* Begin PBXGroup section */
		3AB42971142DAE2C00B74AAC = {
			isa = PBXGroup;
			children = (
				3AB42986142DAE2C00B74AAC /* 1234 */,
				3AB4297F142DAE2C00B74AAC /* Frameworks */,
				3AB4297D142DAE2C00B74AAC /* Products */,
			);
			sourceTree = "<group>";
		};
		3AB4297D142DAE2C00B74AAC /* Products */ = {
			isa = PBXGroup;
			children = (
				3AB4297C142DAE2C00B74AAC /* 1234.app */,
			);
			name = Products;
			sourceTree = "<group>";
		};
		3AB4297F142DAE2C00B74AAC /* Frameworks */ = {
			isa = PBXGroup;
			children = (
				3AB42980142DAE2C00B74AAC /* UIKit.framework */,
				3AB42982142DAE2C00B74AAC /* Foundation.framework */,
				3AB42984142DAE2C00B74AAC /* CoreGraphics.framework */,
			);
			name = Frameworks;
			sourceTree = "<group>";
		};
		3AB42986142DAE2C00B74AAC /* 1234 */ = {
			isa = PBXGroup;
			children = (
				3AB4298F142DAE2C00B74AAC /* _234AppDelegate.h */,
				3AB42990142DAE2C00B74AAC /* _234AppDelegate.m */,
				3AB42992142DAE2C00B74AAC /* MasterViewController.h */,
				3AB42993142DAE2C00B74AAC /* MasterViewController.m */,
				3AB42995142DAE2C00B74AAC /* DetailViewController.h */,
				3AB42996142DAE2C00B74AAC /* DetailViewController.m */,
				3AB42998142DAE2C00B74AAC /* MasterViewController.xib */,
				3AB4299B142DAE2C00B74AAC /* DetailViewController.xib */,
				3AB42987142DAE2C00B74AAC /* Supporting Files */,
			);
			path = 1234;
			sourceTree = "<group>";
		};
		3AB42987142DAE2C00B74AAC /* Supporting Files */ = {
			isa = PBXGroup;
			children = (
				3AB42988142DAE2C00B74AAC /* 1234-Info.plist */,
				3AB42989142DAE2C00B74AAC /* InfoPlist.strings */,
				3AB4298C142DAE2C00B74AAC /* main.m */,
				3AB4298E142DAE2C00B74AAC /* 1234-Prefix.pch */,
			);
			name = "Supporting Files";
			sourceTree = "<group>";
		};
/* End PBXGroup section */

/* Begin PBXNativeTarget section */
		3AB4297B142DAE2C00B74AAC /* 1234 */ = {
			isa = PBXNativeTarget;
			buildConfigurationList = 3AB429A0142DAE2C00B74AAC /* Build configuration list for PBXNativeTarget "1234" */;
			buildPhases = (
				3AB42978142DAE2C00B74AAC /* Sources */,
				3AB42979142DAE2C00B74AAC /* Frameworks */,
				3AB4297A142DAE2C00B74AAC /* Resources */,
			);
			buildRules = (
			);
			dependencies = (
			);
			name = 1234;
			productName = 1234;
			productReference = 3AB4297C142DAE2C00B74AAC /* 1234.app */;
			productType = "com.apple.product-type.application";
		};
/* End PBXNativeTarget section */

/* Begin PBXProject section */
		3AB42973142DAE2C00B74AAC /* Project object */ = {
			isa = PBXProject;
			buildConfigurationList = 3AB42976142DAE2C00B74AAC /* Build configuration list for PBXProject "1234" */;
			compatibilityVersion = "Xcode 3.2";
			developmentRegion = English;
			hasScannedForEncodings = 0;
			knownRegions = (
				en,
			);
			mainGroup = 3AB42971142DAE2C00B74AAC;
			productRefGroup = 3AB4297D142DAE2C00B74AAC /* Products */;
			projectDirPath = "";
			projectRoot = "";
			targets = (
				3AB4297B142DAE2C00B74AAC /* 1234 */,
			);
		};
/* End PBXProject section */

/* Begin PBXResourcesBuildPhase section */
		3AB4297A142DAE2C00B74AAC /* Resources */ = {
			isa = PBXResourcesBuildPhase;
			buildActionMask = 2147483647;
			files = (
				3AB4298B142DAE2C00B74AAC /* InfoPlist.strings in Resources */,
				3AB4299A142DAE2C00B74AAC /* MasterViewController.xib in Resources */,
				3AB4299D142DAE2C00B74AAC /* DetailViewController.xib in Resources */,
			);
			runOnlyForDeploymentPostprocessing = 0;
		};
/* End PBXResourcesBuildPhase section */

/* Begin PBXSourcesBuildPhase section */
		3AB42978142DAE2C00B74AAC /* Sources */ = {
			isa = PBXSourcesBuildPhase;
			buildActionMask = 2147483647;
			files = (
				3AB4298D142DAE2C00B74AAC /* main.m in Sources */,
				3AB42991142DAE2C00B74AAC /* _234AppDelegate.m in Sources */,
				3AB42994142DAE2C00B74AAC /* MasterViewController.m in Sources */,
				3AB42997142DAE2C00B74AAC /* DetailViewController.m in Sources */,
			);
			runOnlyForDeploymentPostprocessing = 0;
		};
/* End PBXSourcesBuildPhase section */

/* Begin PBXVariantGroup section */
		3AB42989142DAE2C00B74AAC /* InfoPlist.strings */ = {
			isa = PBXVariantGroup;
			children = (
				3AB4298A142DAE2C00B74AAC /* en */,
			);
			name = InfoPlist.strings;
			sourceTree = "<group>";
		};
		3AB42998142DAE2C00B74AAC /* MasterViewController.xib */ = {
			isa = PBXVariantGroup;
			children = (
				3AB42999142DAE2C00B74AAC /* en */,
			);
			name = MasterViewController.xib;
			sourceTree = "<group>";
		};
		3AB4299B142DAE2C00B74AAC /* DetailViewController.xib */ = {
			isa = PBXVariantGroup;
			children = (
				3AB4299C142DAE2C00B74AAC /* en */,
			);
			name = DetailViewController.xib;
			sourceTree = "<group>";
		};
/* End PBXVariantGroup section */

/* Begin XCBuildConfiguration section */
		3AB4299E142DAE2C00B74AAC /* Debug */ = {
			isa = XCBuildConfiguration;
			buildSettings = {
				ALWAYS_SEARCH_USER_PATHS = NO;
				ARCHS = "$(ARCHS_STANDARD_32_BIT)";
				CLANG_ENABLE_OBJC_ARC = YES;
				"CODE_SIGN_IDENTITY[sdk=iphoneos*]" = "iPhone Developer";
				COPY_PHASE_STRIP = NO;
				GCC_C_LANGUAGE_STANDARD = gnu99;
				GCC_DYNAMIC_NO_PIC = NO;
				GCC_OPTIMIZATION_LEVEL = 0;
				GCC_PREPROCESSOR_DEFINITIONS = (
					"DEBUG=1",
					"$(inherited)",
				);
				GCC_SYMBOLS_PRIVATE_EXTERN = NO;
				GCC_VERSION = com.apple.compilers.llvm.clang.1_0;
				GCC_WARN_ABOUT_MISSING_PROTOTYPES = YES;
				GCC_WARN_ABOUT_RETURN_TYPE = YES;
				GCC_WARN_UNUSED_VARIABLE = YES;
				IPHONEOS_DEPLOYMENT_TARGET = 5.0;
				SDKROOT = iphoneos;
			};
			name = Debug;
		};
		3AB4299F142DAE2C00B74AAC /* Release */ = {
			isa = XCBuildConfiguration;
			buildSettings = {
				ALWAYS_SEARCH_USER_PATHS = NO;
				ARCHS = "$(ARCHS_STANDARD_32_BIT)";
				CLANG_ENABLE_OBJC_ARC = YES;
				"CODE_SIGN_IDENTITY[sdk=iphoneos*]" = "iPhone Developer";
				COPY_PHASE_STRIP = YES;
				GCC_C_LANGUAGE_STANDARD = gnu99;
				GCC_VERSION = com.apple.compilers.llvm.clang.1_0;
				GCC_WARN_ABOUT_MISSING_PROTOTYPES = YES;
				GCC_WARN_ABOUT_RETURN_TYPE = YES;
				GCC_WARN_UNUSED_VARIABLE = YES;
				IPHONEOS_DEPLOYMENT_TARGET = 5.0;
				OTHER_CFLAGS = "-DNS_BLOCK_ASSERTIONS=1";
				SDKROOT = iphoneos;
				VALIDATE_PRODUCT = YES;
			};
			name = Release;
		};
		3AB429A1142DAE2C00B74AAC /* Debug */ = {
			isa = XCBuildConfiguration;
			buildSettings = {
				GCC_PRECOMPILE_PREFIX_HEADER = YES;
				GCC_PREFIX_HEADER = "1234/1234-Prefix.pch";
				INFOPLIST_FILE = "1234/1234-Info.plist";
				PRODUCT_NAME = "$(TARGET_NAME)";
				WRAPPER_EXTENSION = app;
			};
			name = Debug;
		};
		3AB429A2142DAE2C00B74AAC /* Release */ = {
			isa = XCBuildConfiguration;
			buildSettings = {
				GCC_PRECOMPILE_PREFIX_HEADER = YES;
				GCC_PREFIX_HEADER = "1234/1234-Prefix.pch";
				INFOPLIST_FILE = "1234/1234-Info.plist";
				PRODUCT_NAME = "$(TARGET_NAME)";
				WRAPPER_EXTENSION = app;
			};
			name = Release;
		};
/* End XCBuildConfiguration section */

/* Begin XCConfigurationList section */
		3AB42976142DAE2C00B74AAC /* Build configuration list for PBXProject "1234" */ = {
			isa = XCConfigurationList;
			buildConfigurations = (
				3AB4299E142DAE2C00B74AAC /* Debug */,
				3AB4299F142DAE2C00B74AAC /* Release */,
			);
			defaultConfigurationIsVisible = 0;
			defaultConfigurationName = Release;
		};
		3AB429A0142DAE2C00B74AAC /* Build configuration list for PBXNativeTarget "1234" */ = {
			isa = XCConfigurationList;
			buildConfigurations = (
				3AB429A1142DAE2C00B74AAC /* Debug */,
				3AB429A2142DAE2C00B74AAC /* Release */,
			);
			defaultConfigurationIsVisible = 0;
		};
/* End XCConfigurationList section */
	};
	rootObject = 3AB42973142DAE2C00B74AAC /* Project object */;
}
