// !$*UTF8*$!
{
	archiveVersion = 1;
	classes = {
	};
	objectVersion = 46;
	objects = {

/* Begin PBXBuildFile section */
		3A99DAF41417A2E600839430 /* UIKit.framework in Frameworks */ = {isa = PBXBuildFile; fileRef = 3A99DAF31417A2E600839430 /* UIKit.framework */; };
		3A99DAF61417A2E600839430 /* Foundation.framework in Frameworks */ = {isa = PBXBuildFile; fileRef = 3A99DAF51417A2E600839430 /* Foundation.framework */; };
		3A99DAF81417A2E600839430 /* CoreGraphics.framework in Frameworks */ = {isa = PBXBuildFile; fileRef = 3A99DAF71417A2E600839430 /* CoreGraphics.framework */; };
		3A99DAFE1417A2E600839430 /* InfoPlist.strings in Resources */ = {isa = PBXBuildFile; fileRef = 3A99DAFC1417A2E600839430 /* InfoPlist.strings */; };
		3A99DB001417A2E600839430 /* main.m in Sources */ = {isa = PBXBuildFile; fileRef = 3A99DAFF1417A2E600839430 /* main.m */; };
		3A99DB041417A2E600839430 /* l2AppDelegate.m in Sources */ = {isa = PBXBuildFile; fileRef = 3A99DB031417A2E600839430 /* l2AppDelegate.m */; };
		3A99DB071417A2E600839430 /* l2ViewController.m in Sources */ = {isa = PBXBuildFile; fileRef = 3A99DB061417A2E600839430 /* l2ViewController.m */; };
		3A99DB0A1417A2E600839430 /* l2ViewController.xib in Resources */ = {isa = PBXBuildFile; fileRef = 3A99DB081417A2E600839430 /* l2ViewController.xib */; };
/* End PBXBuildFile section */

/* Begin PBXFileReference section */
		3A99DAEF1417A2E600839430 /* l2.app */ = {isa = PBXFileReference; explicitFileType = wrapper.application; includeInIndex = 0; path = l2.app; sourceTree = BUILT_PRODUCTS_DIR; };
		3A99DAF31417A2E600839430 /* UIKit.framework */ = {isa = PBXFileReference; lastKnownFileType = wrapper.framework; name = UIKit.framework; path = System/Library/Frameworks/UIKit.framework; sourceTree = SDKROOT; };
		3A99DAF51417A2E600839430 /* Foundation.framework */ = {isa = PBXFileReference; lastKnownFileType = wrapper.framework; name = Foundation.framework; path = System/Library/Frameworks/Foundation.framework; sourceTree = SDKROOT; };
		3A99DAF71417A2E600839430 /* CoreGraphics.framework */ = {isa = PBXFileReference; lastKnownFileType = wrapper.framework; name = CoreGraphics.framework; path = System/Library/Frameworks/CoreGraphics.framework; sourceTree = SDKROOT; };
		3A99DAFB1417A2E600839430 /* l2-Info.plist */ = {isa = PBXFileReference; path = "l2-Info.plist"; sourceTree = "<group>"; };
		3A99DAFD1417A2E600839430 /* en */ = {isa = PBXFileReference; lastKnownFileType = text.plist.strings; name = en; path = en.lproj/InfoPlist.strings; sourceTree = "<group>"; };
		3A99DAFF1417A2E600839430 /* main.m */ = {isa = PBXFileReference; lastKnownFileType = sourcecode.c.objc; path = main.m; sourceTree = "<group>"; };
		3A99DB011417A2E600839430 /* l2-Prefix.pch */ = {isa = PBXFileReference; path = "l2-Prefix.pch"; sourceTree = "<group>"; };
		3A99DB021417A2E600839430 /* l2AppDelegate.h */ = {isa = PBXFileReference; path = l2AppDelegate.h; sourceTree = "<group>"; };
		3A99DB031417A2E600839430 /* l2AppDelegate.m */ = {isa = PBXFileReference; lastKnownFileType = sourcecode.c.objc; path = l2AppDelegate.m; sourceTree = "<group>"; };
		3A99DB051417A2E600839430 /* l2ViewController.h */ = {isa = PBXFileReference; path = l2ViewController.h; sourceTree = "<group>"; };
		3A99DB061417A2E600839430 /* l2ViewController.m */ = {isa = PBXFileReference; lastKnownFileType = sourcecode.c.objc; path = l2ViewController.m; sourceTree = "<group>"; };
		3A99DB091417A2E600839430 /* en */ = {isa = PBXFileReference; lastKnownFileType = file.xib; name = en; path = en.lproj/l2ViewController.xib; sourceTree = "<group>"; };
/* End PBXFileReference section */

/* Begin PBXFrameworksBuildPhase section */
		3A99DAEC1417A2E600839430 /* Frameworks */ = {
			isa = PBXFrameworksBuildPhase;
			buildActionMask = 2147483647;
			files = (
				3A99DAF41417A2E600839430 /* UIKit.framework in Frameworks */,
				3A99DAF61417A2E600839430 /* Foundation.framework in Frameworks */,
				3A99DAF81417A2E600839430 /* CoreGraphics.framework in Frameworks */,
			);
			runOnlyForDeploymentPostprocessing = 0;
		};
/* End PBXFrameworksBuildPhase section */

/* Begin PBXGroup section */
		3A99DAE41417A2E600839430 = {
			isa = PBXGroup;
			children = (
				3A99DAF91417A2E600839430 /* l2 */,
				3A99DAF21417A2E600839430 /* Frameworks */,
				3A99DAF01417A2E600839430 /* Products */,
			);
			sourceTree = "<group>";
		};
		3A99DAF01417A2E600839430 /* Products */ = {
			isa = PBXGroup;
			children = (
				3A99DAEF1417A2E600839430 /* l2.app */,
			);
			name = Products;
			sourceTree = "<group>";
		};
		3A99DAF21417A2E600839430 /* Frameworks */ = {
			isa = PBXGroup;
			children = (
				3A99DAF31417A2E600839430 /* UIKit.framework */,
				3A99DAF51417A2E600839430 /* Foundation.framework */,
				3A99DAF71417A2E600839430 /* CoreGraphics.framework */,
			);
			name = Frameworks;
			sourceTree = "<group>";
		};
		3A99DAF91417A2E600839430 /* l2 */ = {
			isa = PBXGroup;
			children = (
				3A99DB021417A2E600839430 /* l2AppDelegate.h */,
				3A99DB031417A2E600839430 /* l2AppDelegate.m */,
				3A99DB051417A2E600839430 /* l2ViewController.h */,
				3A99DB061417A2E600839430 /* l2ViewController.m */,
				3A99DB081417A2E600839430 /* l2ViewController.xib */,
				3A99DAFA1417A2E600839430 /* Supporting Files */,
			);
			path = l2;
			sourceTree = "<group>";
		};
		3A99DAFA1417A2E600839430 /* Supporting Files */ = {
			isa = PBXGroup;
			children = (
				3A99DAFB1417A2E600839430 /* l2-Info.plist */,
				3A99DAFC1417A2E600839430 /* InfoPlist.strings */,
				3A99DAFF1417A2E600839430 /* main.m */,
				3A99DB011417A2E600839430 /* l2-Prefix.pch */,
			);
			name = "Supporting Files";
			sourceTree = "<group>";
		};
/* End PBXGroup section */

/* Begin PBXNativeTarget section */
		3A99DAEE1417A2E600839430 /* l2 */ = {
			isa = PBXNativeTarget;
			buildConfigurationList = 3A99DB0D1417A2E600839430 /* Build configuration list for PBXNativeTarget "l2" */;
			buildPhases = (
				3A99DAEB1417A2E600839430 /* Sources */,
				3A99DAEC1417A2E600839430 /* Frameworks */,
				3A99DAED1417A2E600839430 /* Resources */,
			);
			buildRules = (
			);
			dependencies = (
			);
			name = l2;
			productName = l2;
			productReference = 3A99DAEF1417A2E600839430 /* l2.app */;
			productType = "com.apple.product-type.application";
		};
/* End PBXNativeTarget section */

/* Begin PBXProject section */
		3A99DAE61417A2E600839430 /* Project object */ = {
			isa = PBXProject;
			buildConfigurationList = 3A99DAE91417A2E600839430 /* Build configuration list for PBXProject "l2" */;
			compatibilityVersion = "Xcode 3.2";
			developmentRegion = English;
			hasScannedForEncodings = 0;
			knownRegions = (
				en,
			);
			mainGroup = 3A99DAE41417A2E600839430;
			productRefGroup = 3A99DAF01417A2E600839430 /* Products */;
			projectDirPath = "";
			projectRoot = "";
			targets = (
				3A99DAEE1417A2E600839430 /* l2 */,
			);
		};
/* End PBXProject section */

/* Begin PBXResourcesBuildPhase section */
		3A99DAED1417A2E600839430 /* Resources */ = {
			isa = PBXResourcesBuildPhase;
			buildActionMask = 2147483647;
			files = (
				3A99DAFE1417A2E600839430 /* InfoPlist.strings in Resources */,
				3A99DB0A1417A2E600839430 /* l2ViewController.xib in Resources */,
			);
			runOnlyForDeploymentPostprocessing = 0;
		};
/* End PBXResourcesBuildPhase section */

/* Begin PBXSourcesBuildPhase section */
		3A99DAEB1417A2E600839430 /* Sources */ = {
			isa = PBXSourcesBuildPhase;
			buildActionMask = 2147483647;
			files = (
				3A99DB001417A2E600839430 /* main.m in Sources */,
				3A99DB041417A2E600839430 /* l2AppDelegate.m in Sources */,
				3A99DB071417A2E600839430 /* l2ViewController.m in Sources */,
			);
			runOnlyForDeploymentPostprocessing = 0;
		};
/* End PBXSourcesBuildPhase section */

/* Begin PBXVariantGroup section */
		3A99DAFC1417A2E600839430 /* InfoPlist.strings */ = {
			isa = PBXVariantGroup;
			children = (
				3A99DAFD1417A2E600839430 /* en */,
			);
			name = InfoPlist.strings;
			sourceTree = "<group>";
		};
		3A99DB081417A2E600839430 /* l2ViewController.xib */ = {
			isa = PBXVariantGroup;
			children = (
				3A99DB091417A2E600839430 /* en */,
			);
			name = l2ViewController.xib;
			sourceTree = "<group>";
		};
/* End PBXVariantGroup section */

/* Begin XCBuildConfiguration section */
		3A99DB0B1417A2E600839430 /* Debug */ = {
			isa = XCBuildConfiguration;
			buildSettings = {
				ALWAYS_SEARCH_USER_PATHS = NO;
				ARCHS = "$(ARCHS_STANDARD_32_BIT)";
				CLANG_ENABLE_OBJC_ARC = YES;
				"CODE_SIGN_IDENTITY[sdk=iphoneos*]" = "iPhone Developer";
				COPY_PHASE_STRIP = NO;
				GCC_C_LANGUAGE_STANDARD = gnu99;
				GCC_DYNAMIC_NO_PIC = NO;
				GCC_OPTIMIZATION_LEVEL = 0;
				GCC_PREPROCESSOR_DEFINITIONS = (
					"DEBUG=1",
					"$(inherited)",
				);
				GCC_SYMBOLS_PRIVATE_EXTERN = NO;
				GCC_VERSION = com.apple.compilers.llvm.clang.1_0;
				GCC_WARN_ABOUT_MISSING_PROTOTYPES = YES;
				GCC_WARN_ABOUT_RETURN_TYPE = YES;
				GCC_WARN_UNUSED_VARIABLE = YES;
				IPHONEOS_DEPLOYMENT_TARGET = 5.0;
				SDKROOT = iphoneos;
			};
			name = Debug;
		};
		3A99DB0C1417A2E600839430 /* Release */ = {
			isa = XCBuildConfiguration;
			buildSettings = {
				ALWAYS_SEARCH_USER_PATHS = NO;
				ARCHS = "$(ARCHS_STANDARD_32_BIT)";
				CLANG_ENABLE_OBJC_ARC = YES;
				"CODE_SIGN_IDENTITY[sdk=iphoneos*]" = "iPhone Developer";
				COPY_PHASE_STRIP = YES;
				GCC_C_LANGUAGE_STANDARD = gnu99;
				GCC_VERSION = com.apple.compilers.llvm.clang.1_0;
				GCC_WARN_ABOUT_MISSING_PROTOTYPES = YES;
				GCC_WARN_ABOUT_RETURN_TYPE = YES;
				GCC_WARN_UNUSED_VARIABLE = YES;
				IPHONEOS_DEPLOYMENT_TARGET = 5.0;
				OTHER_CFLAGS = "-DNS_BLOCK_ASSERTIONS=1";
				SDKROOT = iphoneos;
				VALIDATE_PRODUCT = YES;
			};
			name = Release;
		};
		3A99DB0E1417A2E600839430 /* Debug */ = {
			isa = XCBuildConfiguration;
			buildSettings = {
				GCC_PRECOMPILE_PREFIX_HEADER = YES;
				GCC_PREFIX_HEADER = "l2/l2-Prefix.pch";
				INFOPLIST_FILE = "l2/l2-Info.plist";
				PRODUCT_NAME = "$(TARGET_NAME)";
				WRAPPER_EXTENSION = app;
			};
			name = Debug;
		};
		3A99DB0F1417A2E600839430 /* Release */ = {
			isa = XCBuildConfiguration;
			buildSettings = {
				GCC_PRECOMPILE_PREFIX_HEADER = YES;
				GCC_PREFIX_HEADER = "l2/l2-Prefix.pch";
				INFOPLIST_FILE = "l2/l2-Info.plist";
				PRODUCT_NAME = "$(TARGET_NAME)";
				WRAPPER_EXTENSION = app;
			};
			name = Release;
		};
/* End XCBuildConfiguration section */

/* Begin XCConfigurationList section */
		3A99DAE91417A2E600839430 /* Build configuration list for PBXProject "l2" */ = {
			isa = XCConfigurationList;
			buildConfigurations = (
				3A99DB0B1417A2E600839430 /* Debug */,
				3A99DB0C1417A2E600839430 /* Release */,
			);
			defaultConfigurationIsVisible = 0;
			defaultConfigurationName = Release;
		};
		3A99DB0D1417A2E600839430 /* Build configuration list for PBXNativeTarget "l2" */ = {
			isa = XCConfigurationList;
			buildConfigurations = (
				3A99DB0E1417A2E600839430 /* Debug */,
				3A99DB0F1417A2E600839430 /* Release */,
			);
			defaultConfigurationIsVisible = 0;
		};
/* End XCConfigurationList section */
	};
	rootObject = 3A99DAE61417A2E600839430 /* Project object */;
}
