// !$*UTF8*$!
{
	archiveVersion = 1;
	classes = {
	};
	objectVersion = 46;
	objects = {

/* Begin PBXBuildFile section */
		3A05630C141C61D4005379C6 /* UIKit.framework in Frameworks */ = {isa = PBXBuildFile; fileRef = 3A05630B141C61D4005379C6 /* UIKit.framework */; };
		3A05630E141C61D4005379C6 /* Foundation.framework in Frameworks */ = {isa = PBXBuildFile; fileRef = 3A05630D141C61D4005379C6 /* Foundation.framework */; };
		3A056310141C61D4005379C6 /* CoreGraphics.framework in Frameworks */ = {isa = PBXBuildFile; fileRef = 3A05630F141C61D4005379C6 /* CoreGraphics.framework */; };
		3A056316141C61D4005379C6 /* InfoPlist.strings in Resources */ = {isa = PBXBuildFile; fileRef = 3A056314141C61D4005379C6 /* InfoPlist.strings */; };
		3A056318141C61D4005379C6 /* main.m in Sources */ = {isa = PBXBuildFile; fileRef = 3A056317141C61D4005379C6 /* main.m */; };
		3A05631C141C61D4005379C6 /* demo0703AppDelegate.m in Sources */ = {isa = PBXBuildFile; fileRef = 3A05631B141C61D4005379C6 /* demo0703AppDelegate.m */; };
		3A05631F141C61D4005379C6 /* demo0703ViewController.m in Sources */ = {isa = PBXBuildFile; fileRef = 3A05631E141C61D4005379C6 /* demo0703ViewController.m */; };
		3A056322141C61D4005379C6 /* demo0703ViewController.xib in Resources */ = {isa = PBXBuildFile; fileRef = 3A056320141C61D4005379C6 /* demo0703ViewController.xib */; };
/* End PBXBuildFile section */

/* Begin PBXFileReference section */
		3A056307141C61D4005379C6 /* demo0703.app */ = {isa = PBXFileReference; explicitFileType = wrapper.application; includeInIndex = 0; path = demo0703.app; sourceTree = BUILT_PRODUCTS_DIR; };
		3A05630B141C61D4005379C6 /* UIKit.framework */ = {isa = PBXFileReference; lastKnownFileType = wrapper.framework; name = UIKit.framework; path = System/Library/Frameworks/UIKit.framework; sourceTree = SDKROOT; };
		3A05630D141C61D4005379C6 /* Foundation.framework */ = {isa = PBXFileReference; lastKnownFileType = wrapper.framework; name = Foundation.framework; path = System/Library/Frameworks/Foundation.framework; sourceTree = SDKROOT; };
		3A05630F141C61D4005379C6 /* CoreGraphics.framework */ = {isa = PBXFileReference; lastKnownFileType = wrapper.framework; name = CoreGraphics.framework; path = System/Library/Frameworks/CoreGraphics.framework; sourceTree = SDKROOT; };
		3A056313141C61D4005379C6 /* demo0703-Info.plist */ = {isa = PBXFileReference; path = "demo0703-Info.plist"; sourceTree = "<group>"; };
		3A056315141C61D4005379C6 /* en */ = {isa = PBXFileReference; lastKnownFileType = text.plist.strings; name = en; path = en.lproj/InfoPlist.strings; sourceTree = "<group>"; };
		3A056317141C61D4005379C6 /* main.m */ = {isa = PBXFileReference; lastKnownFileType = sourcecode.c.objc; path = main.m; sourceTree = "<group>"; };
		3A056319141C61D4005379C6 /* demo0703-Prefix.pch */ = {isa = PBXFileReference; path = "demo0703-Prefix.pch"; sourceTree = "<group>"; };
		3A05631A141C61D4005379C6 /* demo0703AppDelegate.h */ = {isa = PBXFileReference; path = demo0703AppDelegate.h; sourceTree = "<group>"; };
		3A05631B141C61D4005379C6 /* demo0703AppDelegate.m */ = {isa = PBXFileReference; lastKnownFileType = sourcecode.c.objc; path = demo0703AppDelegate.m; sourceTree = "<group>"; };
		3A05631D141C61D4005379C6 /* demo0703ViewController.h */ = {isa = PBXFileReference; path = demo0703ViewController.h; sourceTree = "<group>"; };
		3A05631E141C61D4005379C6 /* demo0703ViewController.m */ = {isa = PBXFileReference; lastKnownFileType = sourcecode.c.objc; path = demo0703ViewController.m; sourceTree = "<group>"; };
		3A056321141C61D4005379C6 /* en */ = {isa = PBXFileReference; lastKnownFileType = file.xib; name = en; path = en.lproj/demo0703ViewController.xib; sourceTree = "<group>"; };
/* End PBXFileReference section */

/* Begin PBXFrameworksBuildPhase section */
		3A056304141C61D4005379C6 /* Frameworks */ = {
			isa = PBXFrameworksBuildPhase;
			buildActionMask = 2147483647;
			files = (
				3A05630C141C61D4005379C6 /* UIKit.framework in Frameworks */,
				3A05630E141C61D4005379C6 /* Foundation.framework in Frameworks */,
				3A056310141C61D4005379C6 /* CoreGraphics.framework in Frameworks */,
			);
			runOnlyForDeploymentPostprocessing = 0;
		};
/* End PBXFrameworksBuildPhase section */

/* Begin PBXGroup section */
		3A0562FC141C61D4005379C6 = {
			isa = PBXGroup;
			children = (
				3A056311141C61D4005379C6 /* demo0703 */,
				3A05630A141C61D4005379C6 /* Frameworks */,
				3A056308141C61D4005379C6 /* Products */,
			);
			sourceTree = "<group>";
		};
		3A056308141C61D4005379C6 /* Products */ = {
			isa = PBXGroup;
			children = (
				3A056307141C61D4005379C6 /* demo0703.app */,
			);
			name = Products;
			sourceTree = "<group>";
		};
		3A05630A141C61D4005379C6 /* Frameworks */ = {
			isa = PBXGroup;
			children = (
				3A05630B141C61D4005379C6 /* UIKit.framework */,
				3A05630D141C61D4005379C6 /* Foundation.framework */,
				3A05630F141C61D4005379C6 /* CoreGraphics.framework */,
			);
			name = Frameworks;
			sourceTree = "<group>";
		};
		3A056311141C61D4005379C6 /* demo0703 */ = {
			isa = PBXGroup;
			children = (
				3A05631A141C61D4005379C6 /* demo0703AppDelegate.h */,
				3A05631B141C61D4005379C6 /* demo0703AppDelegate.m */,
				3A05631D141C61D4005379C6 /* demo0703ViewController.h */,
				3A05631E141C61D4005379C6 /* demo0703ViewController.m */,
				3A056320141C61D4005379C6 /* demo0703ViewController.xib */,
				3A056312141C61D4005379C6 /* Supporting Files */,
			);
			path = demo0703;
			sourceTree = "<group>";
		};
		3A056312141C61D4005379C6 /* Supporting Files */ = {
			isa = PBXGroup;
			children = (
				3A056313141C61D4005379C6 /* demo0703-Info.plist */,
				3A056314141C61D4005379C6 /* InfoPlist.strings */,
				3A056317141C61D4005379C6 /* main.m */,
				3A056319141C61D4005379C6 /* demo0703-Prefix.pch */,
			);
			name = "Supporting Files";
			sourceTree = "<group>";
		};
/* End PBXGroup section */

/* Begin PBXNativeTarget section */
		3A056306141C61D4005379C6 /* demo0703 */ = {
			isa = PBXNativeTarget;
			buildConfigurationList = 3A056325141C61D4005379C6 /* Build configuration list for PBXNativeTarget "demo0703" */;
			buildPhases = (
				3A056303141C61D4005379C6 /* Sources */,
				3A056304141C61D4005379C6 /* Frameworks */,
				3A056305141C61D4005379C6 /* Resources */,
			);
			buildRules = (
			);
			dependencies = (
			);
			name = demo0703;
			productName = demo0703;
			productReference = 3A056307141C61D4005379C6 /* demo0703.app */;
			productType = "com.apple.product-type.application";
		};
/* End PBXNativeTarget section */

/* Begin PBXProject section */
		3A0562FE141C61D4005379C6 /* Project object */ = {
			isa = PBXProject;
			buildConfigurationList = 3A056301141C61D4005379C6 /* Build configuration list for PBXProject "demo0703" */;
			compatibilityVersion = "Xcode 3.2";
			developmentRegion = English;
			hasScannedForEncodings = 0;
			knownRegions = (
				en,
			);
			mainGroup = 3A0562FC141C61D4005379C6;
			productRefGroup = 3A056308141C61D4005379C6 /* Products */;
			projectDirPath = "";
			projectRoot = "";
			targets = (
				3A056306141C61D4005379C6 /* demo0703 */,
			);
		};
/* End PBXProject section */

/* Begin PBXResourcesBuildPhase section */
		3A056305141C61D4005379C6 /* Resources */ = {
			isa = PBXResourcesBuildPhase;
			buildActionMask = 2147483647;
			files = (
				3A056316141C61D4005379C6 /* InfoPlist.strings in Resources */,
				3A056322141C61D4005379C6 /* demo0703ViewController.xib in Resources */,
			);
			runOnlyForDeploymentPostprocessing = 0;
		};
/* End PBXResourcesBuildPhase section */

/* Begin PBXSourcesBuildPhase section */
		3A056303141C61D4005379C6 /* Sources */ = {
			isa = PBXSourcesBuildPhase;
			buildActionMask = 2147483647;
			files = (
				3A056318141C61D4005379C6 /* main.m in Sources */,
				3A05631C141C61D4005379C6 /* demo0703AppDelegate.m in Sources */,
				3A05631F141C61D4005379C6 /* demo0703ViewController.m in Sources */,
			);
			runOnlyForDeploymentPostprocessing = 0;
		};
/* End PBXSourcesBuildPhase section */

/* Begin PBXVariantGroup section */
		3A056314141C61D4005379C6 /* InfoPlist.strings */ = {
			isa = PBXVariantGroup;
			children = (
				3A056315141C61D4005379C6 /* en */,
			);
			name = InfoPlist.strings;
			sourceTree = "<group>";
		};
		3A056320141C61D4005379C6 /* demo0703ViewController.xib */ = {
			isa = PBXVariantGroup;
			children = (
				3A056321141C61D4005379C6 /* en */,
			);
			name = demo0703ViewController.xib;
			sourceTree = "<group>";
		};
/* End PBXVariantGroup section */

/* Begin XCBuildConfiguration section */
		3A056323141C61D4005379C6 /* Debug */ = {
			isa = XCBuildConfiguration;
			buildSettings = {
				ALWAYS_SEARCH_USER_PATHS = NO;
				ARCHS = "$(ARCHS_STANDARD_32_BIT)";
				CLANG_ENABLE_OBJC_ARC = YES;
				"CODE_SIGN_IDENTITY[sdk=iphoneos*]" = "iPhone Developer";
				COPY_PHASE_STRIP = NO;
				GCC_C_LANGUAGE_STANDARD = gnu99;
				GCC_DYNAMIC_NO_PIC = NO;
				GCC_OPTIMIZATION_LEVEL = 0;
				GCC_PREPROCESSOR_DEFINITIONS = (
					"DEBUG=1",
					"$(inherited)",
				);
				GCC_SYMBOLS_PRIVATE_EXTERN = NO;
				GCC_VERSION = com.apple.compilers.llvm.clang.1_0;
				GCC_WARN_ABOUT_MISSING_PROTOTYPES = YES;
				GCC_WARN_ABOUT_RETURN_TYPE = YES;
				GCC_WARN_UNUSED_VARIABLE = YES;
				IPHONEOS_DEPLOYMENT_TARGET = 5.0;
				SDKROOT = iphoneos;
			};
			name = Debug;
		};
		3A056324141C61D4005379C6 /* Release */ = {
			isa = XCBuildConfiguration;
			buildSettings = {
				ALWAYS_SEARCH_USER_PATHS = NO;
				ARCHS = "$(ARCHS_STANDARD_32_BIT)";
				CLANG_ENABLE_OBJC_ARC = YES;
				"CODE_SIGN_IDENTITY[sdk=iphoneos*]" = "iPhone Developer";
				COPY_PHASE_STRIP = YES;
				GCC_C_LANGUAGE_STANDARD = gnu99;
				GCC_VERSION = com.apple.compilers.llvm.clang.1_0;
				GCC_WARN_ABOUT_MISSING_PROTOTYPES = YES;
				GCC_WARN_ABOUT_RETURN_TYPE = YES;
				GCC_WARN_UNUSED_VARIABLE = YES;
				IPHONEOS_DEPLOYMENT_TARGET = 5.0;
				OTHER_CFLAGS = "-DNS_BLOCK_ASSERTIONS=1";
				SDKROOT = iphoneos;
				VALIDATE_PRODUCT = YES;
			};
			name = Release;
		};
		3A056326141C61D4005379C6 /* Debug */ = {
			isa = XCBuildConfiguration;
			buildSettings = {
				GCC_PRECOMPILE_PREFIX_HEADER = YES;
				GCC_PREFIX_HEADER = "demo0703/demo0703-Prefix.pch";
				INFOPLIST_FILE = "demo0703/demo0703-Info.plist";
				PRODUCT_NAME = "$(TARGET_NAME)";
				WRAPPER_EXTENSION = app;
			};
			name = Debug;
		};
		3A056327141C61D4005379C6 /* Release */ = {
			isa = XCBuildConfiguration;
			buildSettings = {
				GCC_PRECOMPILE_PREFIX_HEADER = YES;
				GCC_PREFIX_HEADER = "demo0703/demo0703-Prefix.pch";
				INFOPLIST_FILE = "demo0703/demo0703-Info.plist";
				PRODUCT_NAME = "$(TARGET_NAME)";
				WRAPPER_EXTENSION = app;
			};
			name = Release;
		};
/* End XCBuildConfiguration section */

/* Begin XCConfigurationList section */
		3A056301141C61D4005379C6 /* Build configuration list for PBXProject "demo0703" */ = {
			isa = XCConfigurationList;
			buildConfigurations = (
				3A056323141C61D4005379C6 /* Debug */,
				3A056324141C61D4005379C6 /* Release */,
			);
			defaultConfigurationIsVisible = 0;
			defaultConfigurationName = Release;
		};
		3A056325141C61D4005379C6 /* Build configuration list for PBXNativeTarget "demo0703" */ = {
			isa = XCConfigurationList;
			buildConfigurations = (
				3A056326141C61D4005379C6 /* Debug */,
				3A056327141C61D4005379C6 /* Release */,
			);
			defaultConfigurationIsVisible = 0;
		};
/* End XCConfigurationList section */
	};
	rootObject = 3A0562FE141C61D4005379C6 /* Project object */;
}
