// !$*UTF8*$!
{
	archiveVersion = 1;
	classes = {
	};
	objectVersion = 46;
	objects = {

/* Begin PBXBuildFile section */
		3AB060A2141A460000AEF9C0 /* UIKit.framework in Frameworks */ = {isa = PBXBuildFile; fileRef = 3AB060A1141A460000AEF9C0 /* UIKit.framework */; };
		3AB060A4141A460000AEF9C0 /* Foundation.framework in Frameworks */ = {isa = PBXBuildFile; fileRef = 3AB060A3141A460000AEF9C0 /* Foundation.framework */; };
		3AB060A6141A460000AEF9C0 /* CoreGraphics.framework in Frameworks */ = {isa = PBXBuildFile; fileRef = 3AB060A5141A460000AEF9C0 /* CoreGraphics.framework */; };
		3AB060AC141A460000AEF9C0 /* InfoPlist.strings in Resources */ = {isa = PBXBuildFile; fileRef = 3AB060AA141A460000AEF9C0 /* InfoPlist.strings */; };
		3AB060AE141A460000AEF9C0 /* main.m in Sources */ = {isa = PBXBuildFile; fileRef = 3AB060AD141A460000AEF9C0 /* main.m */; };
		3AB060B2141A460000AEF9C0 /* controlsAppDelegate.m in Sources */ = {isa = PBXBuildFile; fileRef = 3AB060B1141A460000AEF9C0 /* controlsAppDelegate.m */; };
		3AB060B5141A460000AEF9C0 /* controlsViewController.m in Sources */ = {isa = PBXBuildFile; fileRef = 3AB060B4141A460000AEF9C0 /* controlsViewController.m */; };
		3AB060B8141A460000AEF9C0 /* controlsViewController.xib in Resources */ = {isa = PBXBuildFile; fileRef = 3AB060B6141A460000AEF9C0 /* controlsViewController.xib */; };
/* End PBXBuildFile section */

/* Begin PBXFileReference section */
		3AB0609D141A460000AEF9C0 /* controls.app */ = {isa = PBXFileReference; explicitFileType = wrapper.application; includeInIndex = 0; path = controls.app; sourceTree = BUILT_PRODUCTS_DIR; };
		3AB060A1141A460000AEF9C0 /* UIKit.framework */ = {isa = PBXFileReference; lastKnownFileType = wrapper.framework; name = UIKit.framework; path = System/Library/Frameworks/UIKit.framework; sourceTree = SDKROOT; };
		3AB060A3141A460000AEF9C0 /* Foundation.framework */ = {isa = PBXFileReference; lastKnownFileType = wrapper.framework; name = Foundation.framework; path = System/Library/Frameworks/Foundation.framework; sourceTree = SDKROOT; };
		3AB060A5141A460000AEF9C0 /* CoreGraphics.framework */ = {isa = PBXFileReference; lastKnownFileType = wrapper.framework; name = CoreGraphics.framework; path = System/Library/Frameworks/CoreGraphics.framework; sourceTree = SDKROOT; };
		3AB060A9141A460000AEF9C0 /* controls-Info.plist */ = {isa = PBXFileReference; path = "controls-Info.plist"; sourceTree = "<group>"; };
		3AB060AB141A460000AEF9C0 /* en */ = {isa = PBXFileReference; lastKnownFileType = text.plist.strings; name = en; path = en.lproj/InfoPlist.strings; sourceTree = "<group>"; };
		3AB060AD141A460000AEF9C0 /* main.m */ = {isa = PBXFileReference; lastKnownFileType = sourcecode.c.objc; path = main.m; sourceTree = "<group>"; };
		3AB060AF141A460000AEF9C0 /* controls-Prefix.pch */ = {isa = PBXFileReference; path = "controls-Prefix.pch"; sourceTree = "<group>"; };
		3AB060B0141A460000AEF9C0 /* controlsAppDelegate.h */ = {isa = PBXFileReference; path = controlsAppDelegate.h; sourceTree = "<group>"; };
		3AB060B1141A460000AEF9C0 /* controlsAppDelegate.m */ = {isa = PBXFileReference; lastKnownFileType = sourcecode.c.objc; path = controlsAppDelegate.m; sourceTree = "<group>"; };
		3AB060B3141A460000AEF9C0 /* controlsViewController.h */ = {isa = PBXFileReference; path = controlsViewController.h; sourceTree = "<group>"; };
		3AB060B4141A460000AEF9C0 /* controlsViewController.m */ = {isa = PBXFileReference; lastKnownFileType = sourcecode.c.objc; path = controlsViewController.m; sourceTree = "<group>"; };
		3AB060B7141A460000AEF9C0 /* en */ = {isa = PBXFileReference; lastKnownFileType = file.xib; name = en; path = en.lproj/controlsViewController.xib; sourceTree = "<group>"; };
/* End PBXFileReference section */

/* Begin PBXFrameworksBuildPhase section */
		3AB0609A141A460000AEF9C0 /* Frameworks */ = {
			isa = PBXFrameworksBuildPhase;
			buildActionMask = 2147483647;
			files = (
				3AB060A2141A460000AEF9C0 /* UIKit.framework in Frameworks */,
				3AB060A4141A460000AEF9C0 /* Foundation.framework in Frameworks */,
				3AB060A6141A460000AEF9C0 /* CoreGraphics.framework in Frameworks */,
			);
			runOnlyForDeploymentPostprocessing = 0;
		};
/* End PBXFrameworksBuildPhase section */

/* Begin PBXGroup section */
		3AB06092141A460000AEF9C0 = {
			isa = PBXGroup;
			children = (
				3AB060A7141A460000AEF9C0 /* controls */,
				3AB060A0141A460000AEF9C0 /* Frameworks */,
				3AB0609E141A460000AEF9C0 /* Products */,
			);
			sourceTree = "<group>";
		};
		3AB0609E141A460000AEF9C0 /* Products */ = {
			isa = PBXGroup;
			children = (
				3AB0609D141A460000AEF9C0 /* controls.app */,
			);
			name = Products;
			sourceTree = "<group>";
		};
		3AB060A0141A460000AEF9C0 /* Frameworks */ = {
			isa = PBXGroup;
			children = (
				3AB060A1141A460000AEF9C0 /* UIKit.framework */,
				3AB060A3141A460000AEF9C0 /* Foundation.framework */,
				3AB060A5141A460000AEF9C0 /* CoreGraphics.framework */,
			);
			name = Frameworks;
			sourceTree = "<group>";
		};
		3AB060A7141A460000AEF9C0 /* controls */ = {
			isa = PBXGroup;
			children = (
				3AB060B0141A460000AEF9C0 /* controlsAppDelegate.h */,
				3AB060B1141A460000AEF9C0 /* controlsAppDelegate.m */,
				3AB060B3141A460000AEF9C0 /* controlsViewController.h */,
				3AB060B4141A460000AEF9C0 /* controlsViewController.m */,
				3AB060B6141A460000AEF9C0 /* controlsViewController.xib */,
				3AB060A8141A460000AEF9C0 /* Supporting Files */,
			);
			path = controls;
			sourceTree = "<group>";
		};
		3AB060A8141A460000AEF9C0 /* Supporting Files */ = {
			isa = PBXGroup;
			children = (
				3AB060A9141A460000AEF9C0 /* controls-Info.plist */,
				3AB060AA141A460000AEF9C0 /* InfoPlist.strings */,
				3AB060AD141A460000AEF9C0 /* main.m */,
				3AB060AF141A460000AEF9C0 /* controls-Prefix.pch */,
			);
			name = "Supporting Files";
			sourceTree = "<group>";
		};
/* End PBXGroup section */

/* Begin PBXNativeTarget section */
		3AB0609C141A460000AEF9C0 /* controls */ = {
			isa = PBXNativeTarget;
			buildConfigurationList = 3AB060BB141A460000AEF9C0 /* Build configuration list for PBXNativeTarget "controls" */;
			buildPhases = (
				3AB06099141A460000AEF9C0 /* Sources */,
				3AB0609A141A460000AEF9C0 /* Frameworks */,
				3AB0609B141A460000AEF9C0 /* Resources */,
			);
			buildRules = (
			);
			dependencies = (
			);
			name = controls;
			productName = controls;
			productReference = 3AB0609D141A460000AEF9C0 /* controls.app */;
			productType = "com.apple.product-type.application";
		};
/* End PBXNativeTarget section */

/* Begin PBXProject section */
		3AB06094141A460000AEF9C0 /* Project object */ = {
			isa = PBXProject;
			buildConfigurationList = 3AB06097141A460000AEF9C0 /* Build configuration list for PBXProject "controls" */;
			compatibilityVersion = "Xcode 3.2";
			developmentRegion = English;
			hasScannedForEncodings = 0;
			knownRegions = (
				en,
			);
			mainGroup = 3AB06092141A460000AEF9C0;
			productRefGroup = 3AB0609E141A460000AEF9C0 /* Products */;
			projectDirPath = "";
			projectRoot = "";
			targets = (
				3AB0609C141A460000AEF9C0 /* controls */,
			);
		};
/* End PBXProject section */

/* Begin PBXResourcesBuildPhase section */
		3AB0609B141A460000AEF9C0 /* Resources */ = {
			isa = PBXResourcesBuildPhase;
			buildActionMask = 2147483647;
			files = (
				3AB060AC141A460000AEF9C0 /* InfoPlist.strings in Resources */,
				3AB060B8141A460000AEF9C0 /* controlsViewController.xib in Resources */,
			);
			runOnlyForDeploymentPostprocessing = 0;
		};
/* End PBXResourcesBuildPhase section */

/* Begin PBXSourcesBuildPhase section */
		3AB06099141A460000AEF9C0 /* Sources */ = {
			isa = PBXSourcesBuildPhase;
			buildActionMask = 2147483647;
			files = (
				3AB060AE141A460000AEF9C0 /* main.m in Sources */,
				3AB060B2141A460000AEF9C0 /* controlsAppDelegate.m in Sources */,
				3AB060B5141A460000AEF9C0 /* controlsViewController.m in Sources */,
			);
			runOnlyForDeploymentPostprocessing = 0;
		};
/* End PBXSourcesBuildPhase section */

/* Begin PBXVariantGroup section */
		3AB060AA141A460000AEF9C0 /* InfoPlist.strings */ = {
			isa = PBXVariantGroup;
			children = (
				3AB060AB141A460000AEF9C0 /* en */,
			);
			name = InfoPlist.strings;
			sourceTree = "<group>";
		};
		3AB060B6141A460000AEF9C0 /* controlsViewController.xib */ = {
			isa = PBXVariantGroup;
			children = (
				3AB060B7141A460000AEF9C0 /* en */,
			);
			name = controlsViewController.xib;
			sourceTree = "<group>";
		};
/* End PBXVariantGroup section */

/* Begin XCBuildConfiguration section */
		3AB060B9141A460000AEF9C0 /* Debug */ = {
			isa = XCBuildConfiguration;
			buildSettings = {
				ALWAYS_SEARCH_USER_PATHS = NO;
				ARCHS = "$(ARCHS_STANDARD_32_BIT)";
				CLANG_ENABLE_OBJC_ARC = YES;
				"CODE_SIGN_IDENTITY[sdk=iphoneos*]" = "iPhone Developer";
				COPY_PHASE_STRIP = NO;
				GCC_C_LANGUAGE_STANDARD = gnu99;
				GCC_DYNAMIC_NO_PIC = NO;
				GCC_OPTIMIZATION_LEVEL = 0;
				GCC_PREPROCESSOR_DEFINITIONS = (
					"DEBUG=1",
					"$(inherited)",
				);
				GCC_SYMBOLS_PRIVATE_EXTERN = NO;
				GCC_VERSION = com.apple.compilers.llvm.clang.1_0;
				GCC_WARN_ABOUT_MISSING_PROTOTYPES = YES;
				GCC_WARN_ABOUT_RETURN_TYPE = YES;
				GCC_WARN_UNUSED_VARIABLE = YES;
				IPHONEOS_DEPLOYMENT_TARGET = 5.0;
				SDKROOT = iphoneos;
			};
			name = Debug;
		};
		3AB060BA141A460000AEF9C0 /* Release */ = {
			isa = XCBuildConfiguration;
			buildSettings = {
				ALWAYS_SEARCH_USER_PATHS = NO;
				ARCHS = "$(ARCHS_STANDARD_32_BIT)";
				CLANG_ENABLE_OBJC_ARC = YES;
				"CODE_SIGN_IDENTITY[sdk=iphoneos*]" = "iPhone Developer";
				COPY_PHASE_STRIP = YES;
				GCC_C_LANGUAGE_STANDARD = gnu99;
				GCC_VERSION = com.apple.compilers.llvm.clang.1_0;
				GCC_WARN_ABOUT_MISSING_PROTOTYPES = YES;
				GCC_WARN_ABOUT_RETURN_TYPE = YES;
				GCC_WARN_UNUSED_VARIABLE = YES;
				IPHONEOS_DEPLOYMENT_TARGET = 5.0;
				OTHER_CFLAGS = "-DNS_BLOCK_ASSERTIONS=1";
				SDKROOT = iphoneos;
				VALIDATE_PRODUCT = YES;
			};
			name = Release;
		};
		3AB060BC141A460000AEF9C0 /* Debug */ = {
			isa = XCBuildConfiguration;
			buildSettings = {
				GCC_PRECOMPILE_PREFIX_HEADER = YES;
				GCC_PREFIX_HEADER = "controls/controls-Prefix.pch";
				INFOPLIST_FILE = "controls/controls-Info.plist";
				PRODUCT_NAME = "$(TARGET_NAME)";
				WRAPPER_EXTENSION = app;
			};
			name = Debug;
		};
		3AB060BD141A460000AEF9C0 /* Release */ = {
			isa = XCBuildConfiguration;
			buildSettings = {
				GCC_PRECOMPILE_PREFIX_HEADER = YES;
				GCC_PREFIX_HEADER = "controls/controls-Prefix.pch";
				INFOPLIST_FILE = "controls/controls-Info.plist";
				PRODUCT_NAME = "$(TARGET_NAME)";
				WRAPPER_EXTENSION = app;
			};
			name = Release;
		};
/* End XCBuildConfiguration section */

/* Begin XCConfigurationList section */
		3AB06097141A460000AEF9C0 /* Build configuration list for PBXProject "controls" */ = {
			isa = XCConfigurationList;
			buildConfigurations = (
				3AB060B9141A460000AEF9C0 /* Debug */,
				3AB060BA141A460000AEF9C0 /* Release */,
			);
			defaultConfigurationIsVisible = 0;
			defaultConfigurationName = Release;
		};
		3AB060BB141A460000AEF9C0 /* Build configuration list for PBXNativeTarget "controls" */ = {
			isa = XCConfigurationList;
			buildConfigurations = (
				3AB060BC141A460000AEF9C0 /* Debug */,
				3AB060BD141A460000AEF9C0 /* Release */,
			);
			defaultConfigurationIsVisible = 0;
		};
/* End XCConfigurationList section */
	};
	rootObject = 3AB06094141A460000AEF9C0 /* Project object */;
}
