// !$*UTF8*$!
{
	archiveVersion = 1;
	classes = {
	};
	objectVersion = 46;
	objects = {

/* Begin PBXBuildFile section */
		3AB42A7B142DE01600B74AAC /* UIKit.framework in Frameworks */ = {isa = PBXBuildFile; fileRef = 3AB42A7A142DE01600B74AAC /* UIKit.framework */; };
		3AB42A7D142DE01600B74AAC /* Foundation.framework in Frameworks */ = {isa = PBXBuildFile; fileRef = 3AB42A7C142DE01600B74AAC /* Foundation.framework */; };
		3AB42A7F142DE01600B74AAC /* CoreGraphics.framework in Frameworks */ = {isa = PBXBuildFile; fileRef = 3AB42A7E142DE01600B74AAC /* CoreGraphics.framework */; };
		3AB42A85142DE01600B74AAC /* InfoPlist.strings in Resources */ = {isa = PBXBuildFile; fileRef = 3AB42A83142DE01600B74AAC /* InfoPlist.strings */; };
		3AB42A87142DE01600B74AAC /* main.m in Sources */ = {isa = PBXBuildFile; fileRef = 3AB42A86142DE01600B74AAC /* main.m */; };
		3AB42A8B142DE01600B74AAC /* TBAppDelegate.m in Sources */ = {isa = PBXBuildFile; fileRef = 3AB42A8A142DE01600B74AAC /* TBAppDelegate.m */; };
		3AB42A8E142DE01600B74AAC /* TBViewController.m in Sources */ = {isa = PBXBuildFile; fileRef = 3AB42A8D142DE01600B74AAC /* TBViewController.m */; };
		3AB42A91142DE01600B74AAC /* TBViewController.xib in Resources */ = {isa = PBXBuildFile; fileRef = 3AB42A8F142DE01600B74AAC /* TBViewController.xib */; };
/* End PBXBuildFile section */

/* Begin PBXFileReference section */
		3AB42A76142DE01600B74AAC /* TB.app */ = {isa = PBXFileReference; explicitFileType = wrapper.application; includeInIndex = 0; path = TB.app; sourceTree = BUILT_PRODUCTS_DIR; };
		3AB42A7A142DE01600B74AAC /* UIKit.framework */ = {isa = PBXFileReference; lastKnownFileType = wrapper.framework; name = UIKit.framework; path = System/Library/Frameworks/UIKit.framework; sourceTree = SDKROOT; };
		3AB42A7C142DE01600B74AAC /* Foundation.framework */ = {isa = PBXFileReference; lastKnownFileType = wrapper.framework; name = Foundation.framework; path = System/Library/Frameworks/Foundation.framework; sourceTree = SDKROOT; };
		3AB42A7E142DE01600B74AAC /* CoreGraphics.framework */ = {isa = PBXFileReference; lastKnownFileType = wrapper.framework; name = CoreGraphics.framework; path = System/Library/Frameworks/CoreGraphics.framework; sourceTree = SDKROOT; };
		3AB42A82142DE01600B74AAC /* TB-Info.plist */ = {isa = PBXFileReference; path = "TB-Info.plist"; sourceTree = "<group>"; };
		3AB42A84142DE01600B74AAC /* en */ = {isa = PBXFileReference; lastKnownFileType = text.plist.strings; name = en; path = en.lproj/InfoPlist.strings; sourceTree = "<group>"; };
		3AB42A86142DE01600B74AAC /* main.m */ = {isa = PBXFileReference; lastKnownFileType = sourcecode.c.objc; path = main.m; sourceTree = "<group>"; };
		3AB42A88142DE01600B74AAC /* TB-Prefix.pch */ = {isa = PBXFileReference; path = "TB-Prefix.pch"; sourceTree = "<group>"; };
		3AB42A89142DE01600B74AAC /* TBAppDelegate.h */ = {isa = PBXFileReference; path = TBAppDelegate.h; sourceTree = "<group>"; };
		3AB42A8A142DE01600B74AAC /* TBAppDelegate.m */ = {isa = PBXFileReference; lastKnownFileType = sourcecode.c.objc; path = TBAppDelegate.m; sourceTree = "<group>"; };
		3AB42A8C142DE01600B74AAC /* TBViewController.h */ = {isa = PBXFileReference; path = TBViewController.h; sourceTree = "<group>"; };
		3AB42A8D142DE01600B74AAC /* TBViewController.m */ = {isa = PBXFileReference; lastKnownFileType = sourcecode.c.objc; path = TBViewController.m; sourceTree = "<group>"; };
		3AB42A90142DE01600B74AAC /* en */ = {isa = PBXFileReference; lastKnownFileType = file.xib; name = en; path = en.lproj/TBViewController.xib; sourceTree = "<group>"; };
/* End PBXFileReference section */

/* Begin PBXFrameworksBuildPhase section */
		3AB42A73142DE01600B74AAC /* Frameworks */ = {
			isa = PBXFrameworksBuildPhase;
			buildActionMask = 2147483647;
			files = (
				3AB42A7B142DE01600B74AAC /* UIKit.framework in Frameworks */,
				3AB42A7D142DE01600B74AAC /* Foundation.framework in Frameworks */,
				3AB42A7F142DE01600B74AAC /* CoreGraphics.framework in Frameworks */,
			);
			runOnlyForDeploymentPostprocessing = 0;
		};
/* End PBXFrameworksBuildPhase section */

/* Begin PBXGroup section */
		3AB42A6B142DE01600B74AAC = {
			isa = PBXGroup;
			children = (
				3AB42A80142DE01600B74AAC /* TB */,
				3AB42A79142DE01600B74AAC /* Frameworks */,
				3AB42A77142DE01600B74AAC /* Products */,
			);
			sourceTree = "<group>";
		};
		3AB42A77142DE01600B74AAC /* Products */ = {
			isa = PBXGroup;
			children = (
				3AB42A76142DE01600B74AAC /* TB.app */,
			);
			name = Products;
			sourceTree = "<group>";
		};
		3AB42A79142DE01600B74AAC /* Frameworks */ = {
			isa = PBXGroup;
			children = (
				3AB42A7A142DE01600B74AAC /* UIKit.framework */,
				3AB42A7C142DE01600B74AAC /* Foundation.framework */,
				3AB42A7E142DE01600B74AAC /* CoreGraphics.framework */,
			);
			name = Frameworks;
			sourceTree = "<group>";
		};
		3AB42A80142DE01600B74AAC /* TB */ = {
			isa = PBXGroup;
			children = (
				3AB42A89142DE01600B74AAC /* TBAppDelegate.h */,
				3AB42A8A142DE01600B74AAC /* TBAppDelegate.m */,
				3AB42A8C142DE01600B74AAC /* TBViewController.h */,
				3AB42A8D142DE01600B74AAC /* TBViewController.m */,
				3AB42A8F142DE01600B74AAC /* TBViewController.xib */,
				3AB42A81142DE01600B74AAC /* Supporting Files */,
			);
			path = TB;
			sourceTree = "<group>";
		};
		3AB42A81142DE01600B74AAC /* Supporting Files */ = {
			isa = PBXGroup;
			children = (
				3AB42A82142DE01600B74AAC /* TB-Info.plist */,
				3AB42A83142DE01600B74AAC /* InfoPlist.strings */,
				3AB42A86142DE01600B74AAC /* main.m */,
				3AB42A88142DE01600B74AAC /* TB-Prefix.pch */,
			);
			name = "Supporting Files";
			sourceTree = "<group>";
		};
/* End PBXGroup section */

/* Begin PBXNativeTarget section */
		3AB42A75142DE01600B74AAC /* TB */ = {
			isa = PBXNativeTarget;
			buildConfigurationList = 3AB42A94142DE01600B74AAC /* Build configuration list for PBXNativeTarget "TB" */;
			buildPhases = (
				3AB42A72142DE01600B74AAC /* Sources */,
				3AB42A73142DE01600B74AAC /* Frameworks */,
				3AB42A74142DE01600B74AAC /* Resources */,
			);
			buildRules = (
			);
			dependencies = (
			);
			name = TB;
			productName = TB;
			productReference = 3AB42A76142DE01600B74AAC /* TB.app */;
			productType = "com.apple.product-type.application";
		};
/* End PBXNativeTarget section */

/* Begin PBXProject section */
		3AB42A6D142DE01600B74AAC /* Project object */ = {
			isa = PBXProject;
			buildConfigurationList = 3AB42A70142DE01600B74AAC /* Build configuration list for PBXProject "TB" */;
			compatibilityVersion = "Xcode 3.2";
			developmentRegion = English;
			hasScannedForEncodings = 0;
			knownRegions = (
				en,
			);
			mainGroup = 3AB42A6B142DE01600B74AAC;
			productRefGroup = 3AB42A77142DE01600B74AAC /* Products */;
			projectDirPath = "";
			projectRoot = "";
			targets = (
				3AB42A75142DE01600B74AAC /* TB */,
			);
		};
/* End PBXProject section */

/* Begin PBXResourcesBuildPhase section */
		3AB42A74142DE01600B74AAC /* Resources */ = {
			isa = PBXResourcesBuildPhase;
			buildActionMask = 2147483647;
			files = (
				3AB42A85142DE01600B74AAC /* InfoPlist.strings in Resources */,
				3AB42A91142DE01600B74AAC /* TBViewController.xib in Resources */,
			);
			runOnlyForDeploymentPostprocessing = 0;
		};
/* End PBXResourcesBuildPhase section */

/* Begin PBXSourcesBuildPhase section */
		3AB42A72142DE01600B74AAC /* Sources */ = {
			isa = PBXSourcesBuildPhase;
			buildActionMask = 2147483647;
			files = (
				3AB42A87142DE01600B74AAC /* main.m in Sources */,
				3AB42A8B142DE01600B74AAC /* TBAppDelegate.m in Sources */,
				3AB42A8E142DE01600B74AAC /* TBViewController.m in Sources */,
			);
			runOnlyForDeploymentPostprocessing = 0;
		};
/* End PBXSourcesBuildPhase section */

/* Begin PBXVariantGroup section */
		3AB42A83142DE01600B74AAC /* InfoPlist.strings */ = {
			isa = PBXVariantGroup;
			children = (
				3AB42A84142DE01600B74AAC /* en */,
			);
			name = InfoPlist.strings;
			sourceTree = "<group>";
		};
		3AB42A8F142DE01600B74AAC /* TBViewController.xib */ = {
			isa = PBXVariantGroup;
			children = (
				3AB42A90142DE01600B74AAC /* en */,
			);
			name = TBViewController.xib;
			sourceTree = "<group>";
		};
/* End PBXVariantGroup section */

/* Begin XCBuildConfiguration section */
		3AB42A92142DE01600B74AAC /* Debug */ = {
			isa = XCBuildConfiguration;
			buildSettings = {
				ALWAYS_SEARCH_USER_PATHS = NO;
				ARCHS = "$(ARCHS_STANDARD_32_BIT)";
				CLANG_ENABLE_OBJC_ARC = YES;
				"CODE_SIGN_IDENTITY[sdk=iphoneos*]" = "iPhone Developer";
				COPY_PHASE_STRIP = NO;
				GCC_C_LANGUAGE_STANDARD = gnu99;
				GCC_DYNAMIC_NO_PIC = NO;
				GCC_OPTIMIZATION_LEVEL = 0;
				GCC_PREPROCESSOR_DEFINITIONS = (
					"DEBUG=1",
					"$(inherited)",
				);
				GCC_SYMBOLS_PRIVATE_EXTERN = NO;
				GCC_VERSION = com.apple.compilers.llvm.clang.1_0;
				GCC_WARN_ABOUT_MISSING_PROTOTYPES = YES;
				GCC_WARN_ABOUT_RETURN_TYPE = YES;
				GCC_WARN_UNUSED_VARIABLE = YES;
				IPHONEOS_DEPLOYMENT_TARGET = 5.0;
				SDKROOT = iphoneos;
			};
			name = Debug;
		};
		3AB42A93142DE01600B74AAC /* Release */ = {
			isa = XCBuildConfiguration;
			buildSettings = {
				ALWAYS_SEARCH_USER_PATHS = NO;
				ARCHS = "$(ARCHS_STANDARD_32_BIT)";
				CLANG_ENABLE_OBJC_ARC = YES;
				"CODE_SIGN_IDENTITY[sdk=iphoneos*]" = "iPhone Developer";
				COPY_PHASE_STRIP = YES;
				GCC_C_LANGUAGE_STANDARD = gnu99;
				GCC_VERSION = com.apple.compilers.llvm.clang.1_0;
				GCC_WARN_ABOUT_MISSING_PROTOTYPES = YES;
				GCC_WARN_ABOUT_RETURN_TYPE = YES;
				GCC_WARN_UNUSED_VARIABLE = YES;
				IPHONEOS_DEPLOYMENT_TARGET = 5.0;
				OTHER_CFLAGS = "-DNS_BLOCK_ASSERTIONS=1";
				SDKROOT = iphoneos;
				VALIDATE_PRODUCT = YES;
			};
			name = Release;
		};
		3AB42A95142DE01600B74AAC /* Debug */ = {
			isa = XCBuildConfiguration;
			buildSettings = {
				GCC_PRECOMPILE_PREFIX_HEADER = YES;
				GCC_PREFIX_HEADER = "TB/TB-Prefix.pch";
				INFOPLIST_FILE = "TB/TB-Info.plist";
				PRODUCT_NAME = "$(TARGET_NAME)";
				WRAPPER_EXTENSION = app;
			};
			name = Debug;
		};
		3AB42A96142DE01600B74AAC /* Release */ = {
			isa = XCBuildConfiguration;
			buildSettings = {
				GCC_PRECOMPILE_PREFIX_HEADER = YES;
				GCC_PREFIX_HEADER = "TB/TB-Prefix.pch";
				INFOPLIST_FILE = "TB/TB-Info.plist";
				PRODUCT_NAME = "$(TARGET_NAME)";
				WRAPPER_EXTENSION = app;
			};
			name = Release;
		};
/* End XCBuildConfiguration section */

/* Begin XCConfigurationList section */
		3AB42A70142DE01600B74AAC /* Build configuration list for PBXProject "TB" */ = {
			isa = XCConfigurationList;
			buildConfigurations = (
				3AB42A92142DE01600B74AAC /* Debug */,
				3AB42A93142DE01600B74AAC /* Release */,
			);
			defaultConfigurationIsVisible = 0;
			defaultConfigurationName = Release;
		};
		3AB42A94142DE01600B74AAC /* Build configuration list for PBXNativeTarget "TB" */ = {
			isa = XCConfigurationList;
			buildConfigurations = (
				3AB42A95142DE01600B74AAC /* Debug */,
				3AB42A96142DE01600B74AAC /* Release */,
			);
			defaultConfigurationIsVisible = 0;
		};
/* End XCConfigurationList section */
	};
	rootObject = 3AB42A6D142DE01600B74AAC /* Project object */;
}
